// !$*UTF8*$!
{
	archiveVersion = 1;
	classes = {
	};
	objectVersion = 50;
	objects = {

/* Begin PBXBuildFile section */
		842B5AEF2226F00500D8688A /* FiatTicker.swift in Sources */ = {isa = PBXBuildFile; fileRef = 842B5AEE2226F00500D8688A /* FiatTicker.swift */; };
		842B5AF12227108100D8688A /* FiatModel.swift in Sources */ = {isa = PBXBuildFile; fileRef = 842B5AF02227108100D8688A /* FiatModel.swift */; };
		842CAFF821EB46EB000B8F0A /* WalletTableViewCell.swift in Sources */ = {isa = PBXBuildFile; fileRef = 842CAFF721EB46EB000B8F0A /* WalletTableViewCell.swift */; };
		842CAFFA21EB47A9000B8F0A /* WalletTableViewController.swift in Sources */ = {isa = PBXBuildFile; fileRef = 842CAFF921EB47A9000B8F0A /* WalletTableViewController.swift */; };
		842CAFFE21EB5CE7000B8F0A /* KitManager.swift in Sources */ = {isa = PBXBuildFile; fileRef = 842CAFFD21EB5CE7000B8F0A /* KitManager.swift */; };
		842CB00021EB7117000B8F0A /* AddressViewController.swift in Sources */ = {isa = PBXBuildFile; fileRef = 842CAFFF21EB7117000B8F0A /* AddressViewController.swift */; };
		842CB00221EB7915000B8F0A /* Constants.swift in Sources */ = {isa = PBXBuildFile; fileRef = 842CB00121EB7915000B8F0A /* Constants.swift */; };
		842E65342253C7A900DB6ACA /* AddressesTableViewCell.swift in Sources */ = {isa = PBXBuildFile; fileRef = 842E65332253C7A900DB6ACA /* AddressesTableViewCell.swift */; };
		842E65362253C9BB00DB6ACA /* NewAddressTVC.swift in Sources */ = {isa = PBXBuildFile; fileRef = 842E65352253C9BB00DB6ACA /* NewAddressTVC.swift */; };
		843A152D2219D98D006F393D /* PublicKey+Bitcoin.swift in Sources */ = {isa = PBXBuildFile; fileRef = 843A151B2219D96D006F393D /* PublicKey+Bitcoin.swift */; };
		843A152E2219D98D006F393D /* Bitcoin.swift in Sources */ = {isa = PBXBuildFile; fileRef = 843A151C2219D96F006F393D /* Bitcoin.swift */; };
		843A152F2219D98D006F393D /* BitcoinUnspentSelector.swift in Sources */ = {isa = PBXBuildFile; fileRef = 843A151D2219D970006F393D /* BitcoinUnspentSelector.swift */; };
		843A15302219D98D006F393D /* OpCode.swift in Sources */ = {isa = PBXBuildFile; fileRef = 843A151E2219D972006F393D /* OpCode.swift */; };
		843A15312219D98D006F393D /* PrivateKey+Bitcoin.swift in Sources */ = {isa = PBXBuildFile; fileRef = 843A151F2219D973006F393D /* PrivateKey+Bitcoin.swift */; };
		843A15322219D98D006F393D /* WitnessProgram.swift in Sources */ = {isa = PBXBuildFile; fileRef = 843A15202219D974006F393D /* WitnessProgram.swift */; };
		843A15332219D98D006F393D /* BitcoinBech32Address.swift in Sources */ = {isa = PBXBuildFile; fileRef = 843A15212219D977006F393D /* BitcoinBech32Address.swift */; };
		843A15342219D98D006F393D /* BitcoinTransactionSigner.swift in Sources */ = {isa = PBXBuildFile; fileRef = 843A15222219D97A006F393D /* BitcoinTransactionSigner.swift */; };
		843A15352219D98D006F393D /* BitcoinAddress.swift in Sources */ = {isa = PBXBuildFile; fileRef = 843A15232219D97B006F393D /* BitcoinAddress.swift */; };
		843A15362219D98D006F393D /* BitcoinPrivateKeyProvider.swift in Sources */ = {isa = PBXBuildFile; fileRef = 843A15242219D97E006F393D /* BitcoinPrivateKeyProvider.swift */; };
		843A15372219D98D006F393D /* BitcoinTransaction+Signing.swift in Sources */ = {isa = PBXBuildFile; fileRef = 843A15252219D980006F393D /* BitcoinTransaction+Signing.swift */; };
		843A15382219D98D006F393D /* BitcoinScript.swift in Sources */ = {isa = PBXBuildFile; fileRef = 843A15262219D982006F393D /* BitcoinScript.swift */; };
		843A15392219D98D006F393D /* BitcoinTransaction+Building.swift in Sources */ = {isa = PBXBuildFile; fileRef = 843A15272219D983006F393D /* BitcoinTransaction+Building.swift */; };
		843A153A2219D98D006F393D /* BitcoinUnspentTransaction.swift in Sources */ = {isa = PBXBuildFile; fileRef = 843A15282219D984006F393D /* BitcoinUnspentTransaction.swift */; };
		843A153B2219D98D006F393D /* SignatureHashType.swift in Sources */ = {isa = PBXBuildFile; fileRef = 843A15292219D986006F393D /* SignatureHashType.swift */; };
		843A153C2219D98D006F393D /* BitcoinScript+Parsing.swift in Sources */ = {isa = PBXBuildFile; fileRef = 843A152A2219D987006F393D /* BitcoinScript+Parsing.swift */; };
		843A153D2219D98D006F393D /* BitcoinTransaction.swift in Sources */ = {isa = PBXBuildFile; fileRef = 843A152B2219D989006F393D /* BitcoinTransaction.swift */; };
		843A153E2219D98D006F393D /* BitcoinScript+Building.swift in Sources */ = {isa = PBXBuildFile; fileRef = 843A152C2219D98C006F393D /* BitcoinScript+Building.swift */; };
		843A15432219D9BE006F393D /* BitcoinCash.swift in Sources */ = {isa = PBXBuildFile; fileRef = 843A15412219D9BB006F393D /* BitcoinCash.swift */; };
		843A15442219D9BE006F393D /* BitcoinCashAddress.swift in Sources */ = {isa = PBXBuildFile; fileRef = 843A15422219D9BD006F393D /* BitcoinCashAddress.swift */; };
		843A15472219D9D4006F393D /* Dash.swift in Sources */ = {isa = PBXBuildFile; fileRef = 843A15462219D9D4006F393D /* Dash.swift */; };
		843A154F2219DA1E006F393D /* EOS.swift in Sources */ = {isa = PBXBuildFile; fileRef = 843A154D2219DA1B006F393D /* EOS.swift */; };
		843A15502219DA1E006F393D /* EOSAddress.swift in Sources */ = {isa = PBXBuildFile; fileRef = 843A154E2219DA1E006F393D /* EOSAddress.swift */; };
		843A15582219DA3D006F393D /* EthereumChecksum.swift in Sources */ = {isa = PBXBuildFile; fileRef = 843A15512219DA2F006F393D /* EthereumChecksum.swift */; };
		843A15592219DA3D006F393D /* RLP.swift in Sources */ = {isa = PBXBuildFile; fileRef = 843A15522219DA31006F393D /* RLP.swift */; };
		843A155A2219DA3D006F393D /* EthereumTransaction.swift in Sources */ = {isa = PBXBuildFile; fileRef = 843A15532219DA33006F393D /* EthereumTransaction.swift */; };
		843A155B2219DA3D006F393D /* SignatureSigner.swift in Sources */ = {isa = PBXBuildFile; fileRef = 843A15542219DA36006F393D /* SignatureSigner.swift */; };
		843A155C2219DA3D006F393D /* PublicKey+Ethereum.swift in Sources */ = {isa = PBXBuildFile; fileRef = 843A15552219DA38006F393D /* PublicKey+Ethereum.swift */; };
		843A155D2219DA3D006F393D /* Ethereum.swift in Sources */ = {isa = PBXBuildFile; fileRef = 843A15562219DA3A006F393D /* Ethereum.swift */; };
		843A155E2219DA3D006F393D /* EthereumAddress.swift in Sources */ = {isa = PBXBuildFile; fileRef = 843A15572219DA3D006F393D /* EthereumAddress.swift */; };
		843A15682219DA6D006F393D /* ABIError.swift in Sources */ = {isa = PBXBuildFile; fileRef = 843A15602219DA5F006F393D /* ABIError.swift */; };
		843A15692219DA6D006F393D /* ABIDecoder.swift in Sources */ = {isa = PBXBuildFile; fileRef = 843A15612219DA61006F393D /* ABIDecoder.swift */; };
		843A156A2219DA6D006F393D /* Function.swift in Sources */ = {isa = PBXBuildFile; fileRef = 843A15622219DA63006F393D /* Function.swift */; };
		843A156B2219DA6D006F393D /* ERC20Encoder.swift in Sources */ = {isa = PBXBuildFile; fileRef = 843A15632219DA65006F393D /* ERC20Encoder.swift */; };
		843A156C2219DA6D006F393D /* ABIEncoder.swift in Sources */ = {isa = PBXBuildFile; fileRef = 843A15642219DA67006F393D /* ABIEncoder.swift */; };
		843A156D2219DA6D006F393D /* ERC721Encoder.swift in Sources */ = {isa = PBXBuildFile; fileRef = 843A15652219DA69006F393D /* ERC721Encoder.swift */; };
		843A156E2219DA6D006F393D /* ABIValue.swift in Sources */ = {isa = PBXBuildFile; fileRef = 843A15662219DA6B006F393D /* ABIValue.swift */; };
		843A156F2219DA6D006F393D /* ABIType.swift in Sources */ = {isa = PBXBuildFile; fileRef = 843A15672219DA6C006F393D /* ABIType.swift */; };
		843A15732219DAAF006F393D /* EIP712TypedData.swift in Sources */ = {isa = PBXBuildFile; fileRef = 843A15712219DAAC006F393D /* EIP712TypedData.swift */; };
		843A15742219DAAF006F393D /* GenericJSON.swift in Sources */ = {isa = PBXBuildFile; fileRef = 843A15722219DAAF006F393D /* GenericJSON.swift */; };
		843A15792219DAD4006F393D /* ReverseResolverEncoder.swift in Sources */ = {isa = PBXBuildFile; fileRef = 843A15762219DACE006F393D /* ReverseResolverEncoder.swift */; };
		843A157A2219DAD4006F393D /* ENSEncoder.swift in Sources */ = {isa = PBXBuildFile; fileRef = 843A15772219DAD1006F393D /* ENSEncoder.swift */; };
		843A157B2219DAD4006F393D /* Namehash.swift in Sources */ = {isa = PBXBuildFile; fileRef = 843A15782219DAD4006F393D /* Namehash.swift */; };
		843A157F2219DAFA006F393D /* HDWallet.swift in Sources */ = {isa = PBXBuildFile; fileRef = 843A157C2219DAF7006F393D /* HDWallet.swift */; };
		843A15802219DAFA006F393D /* DerivationPath.Index.swift in Sources */ = {isa = PBXBuildFile; fileRef = 843A157D2219DAF8006F393D /* DerivationPath.Index.swift */; };
		843A15812219DAFA006F393D /* DerivationPath.swift in Sources */ = {isa = PBXBuildFile; fileRef = 843A157E2219DAFA006F393D /* DerivationPath.swift */; };
		843A15872219DB16006F393D /* PublicKey+Icon.swift in Sources */ = {isa = PBXBuildFile; fileRef = 843A15822219DB09006F393D /* PublicKey+Icon.swift */; };
		843A15882219DB16006F393D /* IconTransaction.swift in Sources */ = {isa = PBXBuildFile; fileRef = 843A15832219DB0C006F393D /* IconTransaction.swift */; };
		843A15892219DB16006F393D /* IconAddress.swift in Sources */ = {isa = PBXBuildFile; fileRef = 843A15842219DB0E006F393D /* IconAddress.swift */; };
		843A158A2219DB16006F393D /* Icon.swift in Sources */ = {isa = PBXBuildFile; fileRef = 843A15852219DB11006F393D /* Icon.swift */; };
		843A158B2219DB16006F393D /* IconSigner.swift in Sources */ = {isa = PBXBuildFile; fileRef = 843A15862219DB16006F393D /* IconSigner.swift */; };
		843A158D2219DB24006F393D /* Litecoin.swift in Sources */ = {isa = PBXBuildFile; fileRef = 843A158C2219DB24006F393D /* Litecoin.swift */; };
		843A15972219DB79006F393D /* TronTransaction.swift in Sources */ = {isa = PBXBuildFile; fileRef = 843A15912219DB71006F393D /* TronTransaction.swift */; };
		843A15982219DB79006F393D /* TronContract.swift in Sources */ = {isa = PBXBuildFile; fileRef = 843A15922219DB73006F393D /* TronContract.swift */; };
		843A15992219DB79006F393D /* TronBlock.swift in Sources */ = {isa = PBXBuildFile; fileRef = 843A15932219DB74006F393D /* TronBlock.swift */; };
		843A159A2219DB79006F393D /* TronAddress.swift in Sources */ = {isa = PBXBuildFile; fileRef = 843A15942219DB76006F393D /* TronAddress.swift */; };
		843A159B2219DB79006F393D /* Tron.swift in Sources */ = {isa = PBXBuildFile; fileRef = 843A15952219DB77006F393D /* Tron.swift */; };
		843A159C2219DB79006F393D /* TronSign.swift in Sources */ = {isa = PBXBuildFile; fileRef = 843A15962219DB78006F393D /* TronSign.swift */; };
		843A15A12219DB97006F393D /* Contract.pb.swift in Sources */ = {isa = PBXBuildFile; fileRef = 843A159E2219DB92006F393D /* Contract.pb.swift */; };
		843A15A22219DB97006F393D /* Tron.pb.swift in Sources */ = {isa = PBXBuildFile; fileRef = 843A159F2219DB95006F393D /* Tron.pb.swift */; };
		843A15A32219DB97006F393D /* Discover.pb.swift in Sources */ = {isa = PBXBuildFile; fileRef = 843A15A02219DB97006F393D /* Discover.pb.swift */; };
		843A15A62219DBB5006F393D /* TronContractType.swift in Sources */ = {isa = PBXBuildFile; fileRef = 843A15A52219DBB4006F393D /* TronContractType.swift */; };
		843A15A92219DBCC006F393D /* VechainTransaction.swift in Sources */ = {isa = PBXBuildFile; fileRef = 843A15A72219DBC9006F393D /* VechainTransaction.swift */; };
		843A15AA2219DBCC006F393D /* VechainClause.swift in Sources */ = {isa = PBXBuildFile; fileRef = 843A15A82219DBCC006F393D /* VechainClause.swift */; };
		843A15AF2219DBE0006F393D /* WanchainSigner.swift in Sources */ = {isa = PBXBuildFile; fileRef = 843A15AB2219DBDA006F393D /* WanchainSigner.swift */; };
		843A15B02219DBE0006F393D /* WanchainAddress.swift in Sources */ = {isa = PBXBuildFile; fileRef = 843A15AC2219DBDC006F393D /* WanchainAddress.swift */; };
		843A15B12219DBE0006F393D /* WanchainTransaction.swift in Sources */ = {isa = PBXBuildFile; fileRef = 843A15AD2219DBDE006F393D /* WanchainTransaction.swift */; };
		843A15B22219DBE0006F393D /* Wanchain.swift in Sources */ = {isa = PBXBuildFile; fileRef = 843A15AE2219DBE0006F393D /* Wanchain.swift */; };
		843A15B42219E048006F393D /* MFCoin.swift in Sources */ = {isa = PBXBuildFile; fileRef = 843A15B32219E048006F393D /* MFCoin.swift */; };
		843A15B72219E83B006F393D /* Mnemonic.swift in Sources */ = {isa = PBXBuildFile; fileRef = 843A15B62219E83B006F393D /* Mnemonic.swift */; };
		843B9F63221B333400913829 /* JsonStructs.swift in Sources */ = {isa = PBXBuildFile; fileRef = 843B9F62221B333400913829 /* JsonStructs.swift */; };
		843D9160225B8C5F009081C6 /* SRCopyableLabel.swift in Sources */ = {isa = PBXBuildFile; fileRef = 843D915F225B8C5F009081C6 /* SRCopyableLabel.swift */; };
		843F8FF821CE916A008E2F86 /* Coins.storyboard in Resources */ = {isa = PBXBuildFile; fileRef = 843F8FF721CE916A008E2F86 /* Coins.storyboard */; };
		843F8FFC21CE9258008E2F86 /* CoinsTableViewCell.swift in Sources */ = {isa = PBXBuildFile; fileRef = 843F8FFB21CE9258008E2F86 /* CoinsTableViewCell.swift */; };
		843FDD8E21E4E9E800C655F2 /* ScannerViewController.swift in Sources */ = {isa = PBXBuildFile; fileRef = 843FDD8D21E4E9E800C655F2 /* ScannerViewController.swift */; };
		843FDD9121E4ED5C00C655F2 /* RecreateViewController.swift in Sources */ = {isa = PBXBuildFile; fileRef = 843FDD9021E4ED5C00C655F2 /* RecreateViewController.swift */; };
		843FDD9621E50EBF00C655F2 /* CoinsList.swift in Sources */ = {isa = PBXBuildFile; fileRef = 843FDD9521E50EBF00C655F2 /* CoinsList.swift */; };
		845050B6222BD0E4000B4194 /* Serialization.swift in Sources */ = {isa = PBXBuildFile; fileRef = 845050B5222BD0E4000B4194 /* Serialization.swift */; };
		845050B8222BD14D000B4194 /* VarInt.swift in Sources */ = {isa = PBXBuildFile; fileRef = 845050B7222BD14D000B4194 /* VarInt.swift */; };
		8451DFD5221981E10035D715 /* Data+Hex.swift in Sources */ = {isa = PBXBuildFile; fileRef = 8451DFBB221981D70035D715 /* Data+Hex.swift */; };
		8451DFD6221981E10035D715 /* String+Clear.swift in Sources */ = {isa = PBXBuildFile; fileRef = 8451DFBC221981D70035D715 /* String+Clear.swift */; };
		8451DFD7221981E10035D715 /* Blockchain.swift in Sources */ = {isa = PBXBuildFile; fileRef = 8451DFBD221981D70035D715 /* Blockchain.swift */; };
		8451DFD8221981E10035D715 /* SLIP.swift in Sources */ = {isa = PBXBuildFile; fileRef = 8451DFBE221981D70035D715 /* SLIP.swift */; };
		8451DFDB221981E10035D715 /* PublicKey.swift in Sources */ = {isa = PBXBuildFile; fileRef = 8451DFC1221981D80035D715 /* PublicKey.swift */; };
		8451DFDC221981E10035D715 /* Crypto.m in Sources */ = {isa = PBXBuildFile; fileRef = 8451DFC2221981D90035D715 /* Crypto.m */; };
		8451DFDD221981E10035D715 /* BlockchainFactory.swift in Sources */ = {isa = PBXBuildFile; fileRef = 8451DFC3221981D90035D715 /* BlockchainFactory.swift */; };
		8451DFDE221981E10035D715 /* Address.swift in Sources */ = {isa = PBXBuildFile; fileRef = 8451DFC4221981D90035D715 /* Address.swift */; };
		8451DFDF221981E10035D715 /* BinaryCoding.swift in Sources */ = {isa = PBXBuildFile; fileRef = 8451DFC5221981DA0035D715 /* BinaryCoding.swift */; };
		8451DFE1221981E10035D715 /* PrivateKey.swift in Sources */ = {isa = PBXBuildFile; fileRef = 8451DFC7221981DB0035D715 /* PrivateKey.swift */; };
		8451DFE3221981E10035D715 /* Data+Clear.swift in Sources */ = {isa = PBXBuildFile; fileRef = 8451DFC9221981DC0035D715 /* Data+Clear.swift */; };
		8451DFE7221981E10035D715 /* BigIntEncoding.swift in Sources */ = {isa = PBXBuildFile; fileRef = 8451DFCD221981DE0035D715 /* BigIntEncoding.swift */; };
		8451DFEA221981E10035D715 /* Purpose.swift in Sources */ = {isa = PBXBuildFile; fileRef = 8451DFD1221981E00035D715 /* Purpose.swift */; };
		845403B8221877CD00186453 /* Extensions.swift in Sources */ = {isa = PBXBuildFile; fileRef = 845403B7221877CD00186453 /* Extensions.swift */; };
		8456E2142222A83700DACD49 /* ShapeShift.swift in Sources */ = {isa = PBXBuildFile; fileRef = 8456E2132222A83700DACD49 /* ShapeShift.swift */; };
		8456E2182222C4EE00DACD49 /* History.swift in Sources */ = {isa = PBXBuildFile; fileRef = 8456E2172222C4EE00DACD49 /* History.swift */; };
		845B796D21E35F2100867A57 /* KeychainService.swift in Sources */ = {isa = PBXBuildFile; fileRef = 845B796C21E35F2100867A57 /* KeychainService.swift */; };
		845B796F21E363A100867A57 /* SetCoinsTableViewController.swift in Sources */ = {isa = PBXBuildFile; fileRef = 845B796E21E363A100867A57 /* SetCoinsTableViewController.swift */; };
		845B797121E37A6500867A57 /* AuthViewController.swift in Sources */ = {isa = PBXBuildFile; fileRef = 845B797021E37A6500867A57 /* AuthViewController.swift */; };
		845C3EB521EA54A500A4C836 /* CoinModel.swift in Sources */ = {isa = PBXBuildFile; fileRef = 845C3EB421EA54A500A4C836 /* CoinModel.swift */; };
		845C3EB721EA552F00A4C836 /* RealmHelper.swift in Sources */ = {isa = PBXBuildFile; fileRef = 845C3EB621EA552F00A4C836 /* RealmHelper.swift */; };
		84616735220EBF900085C756 /* SwiftSocket.framework in Frameworks */ = {isa = PBXBuildFile; fileRef = 84616734220EBF900085C756 /* SwiftSocket.framework */; };
		84616736220EBF900085C756 /* SwiftSocket.framework in Embed Frameworks */ = {isa = PBXBuildFile; fileRef = 84616734220EBF900085C756 /* SwiftSocket.framework */; settings = {ATTRIBUTES = (CodeSignOnCopy, RemoveHeadersOnCopy, ); }; };
		846586F62229938A0046A8ED /* CoinDerPaths.swift in Sources */ = {isa = PBXBuildFile; fileRef = 846586F52229938A0046A8ED /* CoinDerPaths.swift */; };
		84696F6B2224080500BAE8BD /* TransactionsSender.swift in Sources */ = {isa = PBXBuildFile; fileRef = 84696F6A2224080500BAE8BD /* TransactionsSender.swift */; };
		846E88852250916500EB6EAE /* TxHistoryViewController.swift in Sources */ = {isa = PBXBuildFile; fileRef = 846E88842250916500EB6EAE /* TxHistoryViewController.swift */; };
		846E88872250F97100EB6EAE /* NaviController.swift in Sources */ = {isa = PBXBuildFile; fileRef = 846E88862250F97100EB6EAE /* NaviController.swift */; };
		846EC9F5224F3B4000565D95 /* Unspent.swift in Sources */ = {isa = PBXBuildFile; fileRef = 846EC9F4224F3B4000565D95 /* Unspent.swift */; };
		8470A8DB221C8CA800454971 /* ConvertValue.swift in Sources */ = {isa = PBXBuildFile; fileRef = 8470A8DA221C8CA800454971 /* ConvertValue.swift */; };
		8470F89221D69C7E0096CE22 /* mainFon.png in Resources */ = {isa = PBXBuildFile; fileRef = 8470F89121D69C7D0096CE22 /* mainFon.png */; };
		8470F89521D69D7C0096CE22 /* Logo.png in Resources */ = {isa = PBXBuildFile; fileRef = 8470F89421D69D7B0096CE22 /* Logo.png */; };
		8470F89721D69D850096CE22 /* mainFon2.png in Resources */ = {isa = PBXBuildFile; fileRef = 8470F89621D69D820096CE22 /* mainFon2.png */; };
		8470F89B21D6A5F00096CE22 /* CreateWalletViewController.swift in Sources */ = {isa = PBXBuildFile; fileRef = 8470F89A21D6A5F00096CE22 /* CreateWalletViewController.swift */; };
		8474DE0422180A4E00AF2365 /* ContainerViewController.swift in Sources */ = {isa = PBXBuildFile; fileRef = 8474DE0322180A4E00AF2365 /* ContainerViewController.swift */; };
		8474DE072218179C00AF2365 /* ReceiveViewController.swift in Sources */ = {isa = PBXBuildFile; fileRef = 8474DE062218179C00AF2365 /* ReceiveViewController.swift */; };
		8474DE09221817AE00AF2365 /* SendViewController.swift in Sources */ = {isa = PBXBuildFile; fileRef = 8474DE08221817AE00AF2365 /* SendViewController.swift */; };
		8474DE0B22183B4A00AF2365 /* AddressTableViewCell.swift in Sources */ = {isa = PBXBuildFile; fileRef = 8474DE0A22183B4A00AF2365 /* AddressTableViewCell.swift */; };
		8484A31622524731006B8486 /* Reachability.swift in Sources */ = {isa = PBXBuildFile; fileRef = 8484A31522524731006B8486 /* Reachability.swift */; };
		8487C2CA21CE38BF000A9725 /* AppDelegate.swift in Sources */ = {isa = PBXBuildFile; fileRef = 8487C2C921CE38BF000A9725 /* AppDelegate.swift */; };
		8487C2CC21CE38BF000A9725 /* StartViewController.swift in Sources */ = {isa = PBXBuildFile; fileRef = 8487C2CB21CE38BF000A9725 /* StartViewController.swift */; };
		8487C2CF21CE38BF000A9725 /* Main.storyboard in Resources */ = {isa = PBXBuildFile; fileRef = 8487C2CD21CE38BF000A9725 /* Main.storyboard */; };
		8487C2D121CE38E2000A9725 /* Assets.xcassets in Resources */ = {isa = PBXBuildFile; fileRef = 8487C2D021CE38E2000A9725 /* Assets.xcassets */; };
		8487C2D421CE38E2000A9725 /* LaunchScreen.storyboard in Resources */ = {isa = PBXBuildFile; fileRef = 8487C2D221CE38E2000A9725 /* LaunchScreen.storyboard */; };
		84882A1521FE20000044FA4F /* ServerConnect.swift in Sources */ = {isa = PBXBuildFile; fileRef = 84882A1421FE20000044FA4F /* ServerConnect.swift */; };
		848A5CB722169CB5002A36B6 /* ServerCommands.swift in Sources */ = {isa = PBXBuildFile; fileRef = 848A5CB622169CB5002A36B6 /* ServerCommands.swift */; };
		848AE24721E335D100B96427 /* BiometricIDAuth.swift in Sources */ = {isa = PBXBuildFile; fileRef = 848AE24621E335D100B96427 /* BiometricIDAuth.swift */; };
		848AE24A21E3419D00B96427 /* DiffPhraseViewController.swift in Sources */ = {isa = PBXBuildFile; fileRef = 848AE24921E3419D00B96427 /* DiffPhraseViewController.swift */; };
		848AE24C21E341CC00B96427 /* SetPasswordViewController.swift in Sources */ = {isa = PBXBuildFile; fileRef = 848AE24B21E341CC00B96427 /* SetPasswordViewController.swift */; };
		84917370224DEF7C008D57B8 /* TxHistory.swift in Sources */ = {isa = PBXBuildFile; fileRef = 8491736F224DEF7C008D57B8 /* TxHistory.swift */; };
		8494B4452253561000D7DE9C /* SweepPaperModel.swift in Sources */ = {isa = PBXBuildFile; fileRef = 8494B4442253561000D7DE9C /* SweepPaperModel.swift */; };
		849F012D21E4A43C000AB56A /* CoinsTabBarController.swift in Sources */ = {isa = PBXBuildFile; fileRef = 849F012C21E4A43C000AB56A /* CoinsTabBarController.swift */; };
		84AA92EF221FF466004979FF /* SettingsViewController.swift in Sources */ = {isa = PBXBuildFile; fileRef = 84AA92EE221FF466004979FF /* SettingsViewController.swift */; };
		84ABA725221F2DF60057458C /* Settings.storyboard in Resources */ = {isa = PBXBuildFile; fileRef = 84ABA724221F2DF60057458C /* Settings.storyboard */; };
		84ABA728221F2E760057458C /* RecoveryPhraseViewController.swift in Sources */ = {isa = PBXBuildFile; fileRef = 84ABA727221F2E760057458C /* RecoveryPhraseViewController.swift */; };
		84ABA72A221F320F0057458C /* ChangePasswordViewController.swift in Sources */ = {isa = PBXBuildFile; fileRef = 84ABA729221F320F0057458C /* ChangePasswordViewController.swift */; };
		84ABA72C221F33180057458C /* ExchRatesTableViewController.swift in Sources */ = {isa = PBXBuildFile; fileRef = 84ABA72B221F33180057458C /* ExchRatesTableViewController.swift */; };
		84ABA72F221F333D0057458C /* ExchRatesTableViewCell.swift in Sources */ = {isa = PBXBuildFile; fileRef = 84ABA72E221F333D0057458C /* ExchRatesTableViewCell.swift */; };
		84ABA731221F355F0057458C /* TransactFeesTableViewCell.swift in Sources */ = {isa = PBXBuildFile; fileRef = 84ABA730221F355F0057458C /* TransactFeesTableViewCell.swift */; };
		84ABA733221F35770057458C /* TransactFeesTableViewController.swift in Sources */ = {isa = PBXBuildFile; fileRef = 84ABA732221F35770057458C /* TransactFeesTableViewController.swift */; };
		84ABA735221F38480057458C /* SweepPaperViewController.swift in Sources */ = {isa = PBXBuildFile; fileRef = 84ABA734221F38480057458C /* SweepPaperViewController.swift */; };
		84ACE6F021E90986000E624B /* QRCodeGenerate.swift in Sources */ = {isa = PBXBuildFile; fileRef = 84ACE6EF21E90986000E624B /* QRCodeGenerate.swift */; };
		84C0DCAB222B717100BB6B87 /* BitcoinUnsignedTransaction.swift in Sources */ = {isa = PBXBuildFile; fileRef = 84C0DCAA222B717100BB6B87 /* BitcoinUnsignedTransaction.swift */; };
		8A86B9BF688CAD6C2A19C5F4 /* Pods_MFCoin.framework in Frameworks */ = {isa = PBXBuildFile; fileRef = AFF53E8CCEAE04050D764C25 /* Pods_MFCoin.framework */; };
/* End PBXBuildFile section */

/* Begin PBXCopyFilesBuildPhase section */
		84616737220EBF910085C756 /* Embed Frameworks */ = {
			isa = PBXCopyFilesBuildPhase;
			buildActionMask = 2147483647;
			dstPath = "";
			dstSubfolderSpec = 10;
			files = (
				84616736220EBF900085C756 /* SwiftSocket.framework in Embed Frameworks */,
			);
			name = "Embed Frameworks";
			runOnlyForDeploymentPostprocessing = 0;
		};
/* End PBXCopyFilesBuildPhase section */

/* Begin PBXFileReference section */
		529BA5D880D10FEADEA09955 /* Pods-MFCoin.debug.xcconfig */ = {isa = PBXFileReference; includeInIndex = 1; lastKnownFileType = text.xcconfig; name = "Pods-MFCoin.debug.xcconfig"; path = "Pods/Target Support Files/Pods-MFCoin/Pods-MFCoin.debug.xcconfig"; sourceTree = "<group>"; };
		5ECF25CC02EFD6C5E8DD8D1C /* Pods-MFCoin.release.xcconfig */ = {isa = PBXFileReference; includeInIndex = 1; lastKnownFileType = text.xcconfig; name = "Pods-MFCoin.release.xcconfig"; path = "Pods/Target Support Files/Pods-MFCoin/Pods-MFCoin.release.xcconfig"; sourceTree = "<group>"; };
		842B5AEE2226F00500D8688A /* FiatTicker.swift */ = {isa = PBXFileReference; lastKnownFileType = sourcecode.swift; path = FiatTicker.swift; sourceTree = "<group>"; };
		842B5AF02227108100D8688A /* FiatModel.swift */ = {isa = PBXFileReference; lastKnownFileType = sourcecode.swift; path = FiatModel.swift; sourceTree = "<group>"; };
		842CAFF721EB46EB000B8F0A /* WalletTableViewCell.swift */ = {isa = PBXFileReference; lastKnownFileType = sourcecode.swift; path = WalletTableViewCell.swift; sourceTree = "<group>"; };
		842CAFF921EB47A9000B8F0A /* WalletTableViewController.swift */ = {isa = PBXFileReference; lastKnownFileType = sourcecode.swift; path = WalletTableViewController.swift; sourceTree = "<group>"; };
		842CAFFD21EB5CE7000B8F0A /* KitManager.swift */ = {isa = PBXFileReference; lastKnownFileType = sourcecode.swift; path = KitManager.swift; sourceTree = "<group>"; };
		842CAFFF21EB7117000B8F0A /* AddressViewController.swift */ = {isa = PBXFileReference; lastKnownFileType = sourcecode.swift; path = AddressViewController.swift; sourceTree = "<group>"; };
		842CB00121EB7915000B8F0A /* Constants.swift */ = {isa = PBXFileReference; lastKnownFileType = sourcecode.swift; path = Constants.swift; sourceTree = "<group>"; };
		842E65332253C7A900DB6ACA /* AddressesTableViewCell.swift */ = {isa = PBXFileReference; lastKnownFileType = sourcecode.swift; path = AddressesTableViewCell.swift; sourceTree = "<group>"; };
		842E65352253C9BB00DB6ACA /* NewAddressTVC.swift */ = {isa = PBXFileReference; lastKnownFileType = sourcecode.swift; path = NewAddressTVC.swift; sourceTree = "<group>"; };
		843A151B2219D96D006F393D /* PublicKey+Bitcoin.swift */ = {isa = PBXFileReference; fileEncoding = 4; lastKnownFileType = sourcecode.swift; path = "PublicKey+Bitcoin.swift"; sourceTree = "<group>"; };
		843A151C2219D96F006F393D /* Bitcoin.swift */ = {isa = PBXFileReference; fileEncoding = 4; lastKnownFileType = sourcecode.swift; path = Bitcoin.swift; sourceTree = "<group>"; };
		843A151D2219D970006F393D /* BitcoinUnspentSelector.swift */ = {isa = PBXFileReference; fileEncoding = 4; lastKnownFileType = sourcecode.swift; path = BitcoinUnspentSelector.swift; sourceTree = "<group>"; };
		843A151E2219D972006F393D /* OpCode.swift */ = {isa = PBXFileReference; fileEncoding = 4; lastKnownFileType = sourcecode.swift; path = OpCode.swift; sourceTree = "<group>"; };
		843A151F2219D973006F393D /* PrivateKey+Bitcoin.swift */ = {isa = PBXFileReference; fileEncoding = 4; lastKnownFileType = sourcecode.swift; path = "PrivateKey+Bitcoin.swift"; sourceTree = "<group>"; };
		843A15202219D974006F393D /* WitnessProgram.swift */ = {isa = PBXFileReference; fileEncoding = 4; lastKnownFileType = sourcecode.swift; path = WitnessProgram.swift; sourceTree = "<group>"; };
		843A15212219D977006F393D /* BitcoinBech32Address.swift */ = {isa = PBXFileReference; fileEncoding = 4; lastKnownFileType = sourcecode.swift; path = BitcoinBech32Address.swift; sourceTree = "<group>"; };
		843A15222219D97A006F393D /* BitcoinTransactionSigner.swift */ = {isa = PBXFileReference; fileEncoding = 4; lastKnownFileType = sourcecode.swift; path = BitcoinTransactionSigner.swift; sourceTree = "<group>"; };
		843A15232219D97B006F393D /* BitcoinAddress.swift */ = {isa = PBXFileReference; fileEncoding = 4; lastKnownFileType = sourcecode.swift; path = BitcoinAddress.swift; sourceTree = "<group>"; };
		843A15242219D97E006F393D /* BitcoinPrivateKeyProvider.swift */ = {isa = PBXFileReference; fileEncoding = 4; lastKnownFileType = sourcecode.swift; path = BitcoinPrivateKeyProvider.swift; sourceTree = "<group>"; };
		843A15252219D980006F393D /* BitcoinTransaction+Signing.swift */ = {isa = PBXFileReference; fileEncoding = 4; lastKnownFileType = sourcecode.swift; path = "BitcoinTransaction+Signing.swift"; sourceTree = "<group>"; };
		843A15262219D982006F393D /* BitcoinScript.swift */ = {isa = PBXFileReference; fileEncoding = 4; lastKnownFileType = sourcecode.swift; path = BitcoinScript.swift; sourceTree = "<group>"; };
		843A15272219D983006F393D /* BitcoinTransaction+Building.swift */ = {isa = PBXFileReference; fileEncoding = 4; lastKnownFileType = sourcecode.swift; path = "BitcoinTransaction+Building.swift"; sourceTree = "<group>"; };
		843A15282219D984006F393D /* BitcoinUnspentTransaction.swift */ = {isa = PBXFileReference; fileEncoding = 4; lastKnownFileType = sourcecode.swift; path = BitcoinUnspentTransaction.swift; sourceTree = "<group>"; };
		843A15292219D986006F393D /* SignatureHashType.swift */ = {isa = PBXFileReference; fileEncoding = 4; lastKnownFileType = sourcecode.swift; path = SignatureHashType.swift; sourceTree = "<group>"; };
		843A152A2219D987006F393D /* BitcoinScript+Parsing.swift */ = {isa = PBXFileReference; fileEncoding = 4; lastKnownFileType = sourcecode.swift; path = "BitcoinScript+Parsing.swift"; sourceTree = "<group>"; };
		843A152B2219D989006F393D /* BitcoinTransaction.swift */ = {isa = PBXFileReference; fileEncoding = 4; lastKnownFileType = sourcecode.swift; path = BitcoinTransaction.swift; sourceTree = "<group>"; };
		843A152C2219D98C006F393D /* BitcoinScript+Building.swift */ = {isa = PBXFileReference; fileEncoding = 4; lastKnownFileType = sourcecode.swift; path = "BitcoinScript+Building.swift"; sourceTree = "<group>"; };
		843A15412219D9BB006F393D /* BitcoinCash.swift */ = {isa = PBXFileReference; fileEncoding = 4; lastKnownFileType = sourcecode.swift; path = BitcoinCash.swift; sourceTree = "<group>"; };
		843A15422219D9BD006F393D /* BitcoinCashAddress.swift */ = {isa = PBXFileReference; fileEncoding = 4; lastKnownFileType = sourcecode.swift; path = BitcoinCashAddress.swift; sourceTree = "<group>"; };
		843A15462219D9D4006F393D /* Dash.swift */ = {isa = PBXFileReference; fileEncoding = 4; lastKnownFileType = sourcecode.swift; path = Dash.swift; sourceTree = "<group>"; };
		843A154D2219DA1B006F393D /* EOS.swift */ = {isa = PBXFileReference; fileEncoding = 4; lastKnownFileType = sourcecode.swift; path = EOS.swift; sourceTree = "<group>"; };
		843A154E2219DA1E006F393D /* EOSAddress.swift */ = {isa = PBXFileReference; fileEncoding = 4; lastKnownFileType = sourcecode.swift; path = EOSAddress.swift; sourceTree = "<group>"; };
		843A15512219DA2F006F393D /* EthereumChecksum.swift */ = {isa = PBXFileReference; fileEncoding = 4; lastKnownFileType = sourcecode.swift; path = EthereumChecksum.swift; sourceTree = "<group>"; };
		843A15522219DA31006F393D /* RLP.swift */ = {isa = PBXFileReference; fileEncoding = 4; lastKnownFileType = sourcecode.swift; path = RLP.swift; sourceTree = "<group>"; };
		843A15532219DA33006F393D /* EthereumTransaction.swift */ = {isa = PBXFileReference; fileEncoding = 4; lastKnownFileType = sourcecode.swift; path = EthereumTransaction.swift; sourceTree = "<group>"; };
		843A15542219DA36006F393D /* SignatureSigner.swift */ = {isa = PBXFileReference; fileEncoding = 4; lastKnownFileType = sourcecode.swift; path = SignatureSigner.swift; sourceTree = "<group>"; };
		843A15552219DA38006F393D /* PublicKey+Ethereum.swift */ = {isa = PBXFileReference; fileEncoding = 4; lastKnownFileType = sourcecode.swift; path = "PublicKey+Ethereum.swift"; sourceTree = "<group>"; };
		843A15562219DA3A006F393D /* Ethereum.swift */ = {isa = PBXFileReference; fileEncoding = 4; lastKnownFileType = sourcecode.swift; path = Ethereum.swift; sourceTree = "<group>"; };
		843A15572219DA3D006F393D /* EthereumAddress.swift */ = {isa = PBXFileReference; fileEncoding = 4; lastKnownFileType = sourcecode.swift; path = EthereumAddress.swift; sourceTree = "<group>"; };
		843A15602219DA5F006F393D /* ABIError.swift */ = {isa = PBXFileReference; fileEncoding = 4; lastKnownFileType = sourcecode.swift; path = ABIError.swift; sourceTree = "<group>"; };
		843A15612219DA61006F393D /* ABIDecoder.swift */ = {isa = PBXFileReference; fileEncoding = 4; lastKnownFileType = sourcecode.swift; path = ABIDecoder.swift; sourceTree = "<group>"; };
		843A15622219DA63006F393D /* Function.swift */ = {isa = PBXFileReference; fileEncoding = 4; lastKnownFileType = sourcecode.swift; path = Function.swift; sourceTree = "<group>"; };
		843A15632219DA65006F393D /* ERC20Encoder.swift */ = {isa = PBXFileReference; fileEncoding = 4; lastKnownFileType = sourcecode.swift; path = ERC20Encoder.swift; sourceTree = "<group>"; };
		843A15642219DA67006F393D /* ABIEncoder.swift */ = {isa = PBXFileReference; fileEncoding = 4; lastKnownFileType = sourcecode.swift; path = ABIEncoder.swift; sourceTree = "<group>"; };
		843A15652219DA69006F393D /* ERC721Encoder.swift */ = {isa = PBXFileReference; fileEncoding = 4; lastKnownFileType = sourcecode.swift; path = ERC721Encoder.swift; sourceTree = "<group>"; };
		843A15662219DA6B006F393D /* ABIValue.swift */ = {isa = PBXFileReference; fileEncoding = 4; lastKnownFileType = sourcecode.swift; path = ABIValue.swift; sourceTree = "<group>"; };
		843A15672219DA6C006F393D /* ABIType.swift */ = {isa = PBXFileReference; fileEncoding = 4; lastKnownFileType = sourcecode.swift; path = ABIType.swift; sourceTree = "<group>"; };
		843A15712219DAAC006F393D /* EIP712TypedData.swift */ = {isa = PBXFileReference; fileEncoding = 4; lastKnownFileType = sourcecode.swift; path = EIP712TypedData.swift; sourceTree = "<group>"; };
		843A15722219DAAF006F393D /* GenericJSON.swift */ = {isa = PBXFileReference; fileEncoding = 4; lastKnownFileType = sourcecode.swift; path = GenericJSON.swift; sourceTree = "<group>"; };
		843A15762219DACE006F393D /* ReverseResolverEncoder.swift */ = {isa = PBXFileReference; fileEncoding = 4; lastKnownFileType = sourcecode.swift; path = ReverseResolverEncoder.swift; sourceTree = "<group>"; };
		843A15772219DAD1006F393D /* ENSEncoder.swift */ = {isa = PBXFileReference; fileEncoding = 4; lastKnownFileType = sourcecode.swift; path = ENSEncoder.swift; sourceTree = "<group>"; };
		843A15782219DAD4006F393D /* Namehash.swift */ = {isa = PBXFileReference; fileEncoding = 4; lastKnownFileType = sourcecode.swift; path = Namehash.swift; sourceTree = "<group>"; };
		843A157C2219DAF7006F393D /* HDWallet.swift */ = {isa = PBXFileReference; fileEncoding = 4; lastKnownFileType = sourcecode.swift; path = HDWallet.swift; sourceTree = "<group>"; };
		843A157D2219DAF8006F393D /* DerivationPath.Index.swift */ = {isa = PBXFileReference; fileEncoding = 4; lastKnownFileType = sourcecode.swift; path = DerivationPath.Index.swift; sourceTree = "<group>"; };
		843A157E2219DAFA006F393D /* DerivationPath.swift */ = {isa = PBXFileReference; fileEncoding = 4; lastKnownFileType = sourcecode.swift; path = DerivationPath.swift; sourceTree = "<group>"; };
		843A15822219DB09006F393D /* PublicKey+Icon.swift */ = {isa = PBXFileReference; fileEncoding = 4; lastKnownFileType = sourcecode.swift; path = "PublicKey+Icon.swift"; sourceTree = "<group>"; };
		843A15832219DB0C006F393D /* IconTransaction.swift */ = {isa = PBXFileReference; fileEncoding = 4; lastKnownFileType = sourcecode.swift; path = IconTransaction.swift; sourceTree = "<group>"; };
		843A15842219DB0E006F393D /* IconAddress.swift */ = {isa = PBXFileReference; fileEncoding = 4; lastKnownFileType = sourcecode.swift; path = IconAddress.swift; sourceTree = "<group>"; };
		843A15852219DB11006F393D /* Icon.swift */ = {isa = PBXFileReference; fileEncoding = 4; lastKnownFileType = sourcecode.swift; path = Icon.swift; sourceTree = "<group>"; };
		843A15862219DB16006F393D /* IconSigner.swift */ = {isa = PBXFileReference; fileEncoding = 4; lastKnownFileType = sourcecode.swift; path = IconSigner.swift; sourceTree = "<group>"; };
		843A158C2219DB24006F393D /* Litecoin.swift */ = {isa = PBXFileReference; fileEncoding = 4; lastKnownFileType = sourcecode.swift; path = Litecoin.swift; sourceTree = "<group>"; };
		843A15912219DB71006F393D /* TronTransaction.swift */ = {isa = PBXFileReference; fileEncoding = 4; lastKnownFileType = sourcecode.swift; path = TronTransaction.swift; sourceTree = "<group>"; };
		843A15922219DB73006F393D /* TronContract.swift */ = {isa = PBXFileReference; fileEncoding = 4; lastKnownFileType = sourcecode.swift; path = TronContract.swift; sourceTree = "<group>"; };
		843A15932219DB74006F393D /* TronBlock.swift */ = {isa = PBXFileReference; fileEncoding = 4; lastKnownFileType = sourcecode.swift; path = TronBlock.swift; sourceTree = "<group>"; };
		843A15942219DB76006F393D /* TronAddress.swift */ = {isa = PBXFileReference; fileEncoding = 4; lastKnownFileType = sourcecode.swift; path = TronAddress.swift; sourceTree = "<group>"; };
		843A15952219DB77006F393D /* Tron.swift */ = {isa = PBXFileReference; fileEncoding = 4; lastKnownFileType = sourcecode.swift; path = Tron.swift; sourceTree = "<group>"; };
		843A15962219DB78006F393D /* TronSign.swift */ = {isa = PBXFileReference; fileEncoding = 4; lastKnownFileType = sourcecode.swift; path = TronSign.swift; sourceTree = "<group>"; };
		843A159E2219DB92006F393D /* Contract.pb.swift */ = {isa = PBXFileReference; fileEncoding = 4; lastKnownFileType = sourcecode.swift; path = Contract.pb.swift; sourceTree = "<group>"; };
		843A159F2219DB95006F393D /* Tron.pb.swift */ = {isa = PBXFileReference; fileEncoding = 4; lastKnownFileType = sourcecode.swift; path = Tron.pb.swift; sourceTree = "<group>"; };
		843A15A02219DB97006F393D /* Discover.pb.swift */ = {isa = PBXFileReference; fileEncoding = 4; lastKnownFileType = sourcecode.swift; path = Discover.pb.swift; sourceTree = "<group>"; };
		843A15A52219DBB4006F393D /* TronContractType.swift */ = {isa = PBXFileReference; fileEncoding = 4; lastKnownFileType = sourcecode.swift; path = TronContractType.swift; sourceTree = "<group>"; };
		843A15A72219DBC9006F393D /* VechainTransaction.swift */ = {isa = PBXFileReference; fileEncoding = 4; lastKnownFileType = sourcecode.swift; path = VechainTransaction.swift; sourceTree = "<group>"; };
		843A15A82219DBCC006F393D /* VechainClause.swift */ = {isa = PBXFileReference; fileEncoding = 4; lastKnownFileType = sourcecode.swift; path = VechainClause.swift; sourceTree = "<group>"; };
		843A15AB2219DBDA006F393D /* WanchainSigner.swift */ = {isa = PBXFileReference; fileEncoding = 4; lastKnownFileType = sourcecode.swift; path = WanchainSigner.swift; sourceTree = "<group>"; };
		843A15AC2219DBDC006F393D /* WanchainAddress.swift */ = {isa = PBXFileReference; fileEncoding = 4; lastKnownFileType = sourcecode.swift; path = WanchainAddress.swift; sourceTree = "<group>"; };
		843A15AD2219DBDE006F393D /* WanchainTransaction.swift */ = {isa = PBXFileReference; fileEncoding = 4; lastKnownFileType = sourcecode.swift; path = WanchainTransaction.swift; sourceTree = "<group>"; };
		843A15AE2219DBE0006F393D /* Wanchain.swift */ = {isa = PBXFileReference; fileEncoding = 4; lastKnownFileType = sourcecode.swift; path = Wanchain.swift; sourceTree = "<group>"; };
		843A15B32219E048006F393D /* MFCoin.swift */ = {isa = PBXFileReference; lastKnownFileType = sourcecode.swift; path = MFCoin.swift; sourceTree = "<group>"; };
		843A15B62219E83B006F393D /* Mnemonic.swift */ = {isa = PBXFileReference; lastKnownFileType = sourcecode.swift; path = Mnemonic.swift; sourceTree = "<group>"; };
		843B9F62221B333400913829 /* JsonStructs.swift */ = {isa = PBXFileReference; lastKnownFileType = sourcecode.swift; path = JsonStructs.swift; sourceTree = "<group>"; };
		843D915F225B8C5F009081C6 /* SRCopyableLabel.swift */ = {isa = PBXFileReference; lastKnownFileType = sourcecode.swift; path = SRCopyableLabel.swift; sourceTree = "<group>"; };
		843F8FF721CE916A008E2F86 /* Coins.storyboard */ = {isa = PBXFileReference; lastKnownFileType = file.storyboard; path = Coins.storyboard; sourceTree = "<group>"; };
		843F8FFB21CE9258008E2F86 /* CoinsTableViewCell.swift */ = {isa = PBXFileReference; lastKnownFileType = sourcecode.swift; path = CoinsTableViewCell.swift; sourceTree = "<group>"; };
		843FDD8D21E4E9E800C655F2 /* ScannerViewController.swift */ = {isa = PBXFileReference; lastKnownFileType = sourcecode.swift; path = ScannerViewController.swift; sourceTree = "<group>"; };
		843FDD9021E4ED5C00C655F2 /* RecreateViewController.swift */ = {isa = PBXFileReference; lastKnownFileType = sourcecode.swift; path = RecreateViewController.swift; sourceTree = "<group>"; };
		843FDD9521E50EBF00C655F2 /* CoinsList.swift */ = {isa = PBXFileReference; lastKnownFileType = sourcecode.swift; path = CoinsList.swift; sourceTree = "<group>"; };
		844478A121DE5FBD00F6DFAE /* MFCoin.entitlements */ = {isa = PBXFileReference; lastKnownFileType = text.plist.entitlements; path = MFCoin.entitlements; sourceTree = "<group>"; };
		845050B5222BD0E4000B4194 /* Serialization.swift */ = {isa = PBXFileReference; lastKnownFileType = sourcecode.swift; path = Serialization.swift; sourceTree = "<group>"; };
		845050B7222BD14D000B4194 /* VarInt.swift */ = {isa = PBXFileReference; lastKnownFileType = sourcecode.swift; path = VarInt.swift; sourceTree = "<group>"; };
		8451DFB7221981D40035D715 /* MFCoin-Bridging-Header.h */ = {isa = PBXFileReference; lastKnownFileType = sourcecode.c.h; path = "MFCoin-Bridging-Header.h"; sourceTree = "<group>"; };
		8451DFBA221981D60035D715 /* Crypto.h */ = {isa = PBXFileReference; fileEncoding = 4; lastKnownFileType = sourcecode.c.h; name = Crypto.h; path = MFCoin/Sources/Crypto.h; sourceTree = SOURCE_ROOT; };
		8451DFBB221981D70035D715 /* Data+Hex.swift */ = {isa = PBXFileReference; fileEncoding = 4; lastKnownFileType = sourcecode.swift; name = "Data+Hex.swift"; path = "MFCoin/Sources/Data+Hex.swift"; sourceTree = SOURCE_ROOT; };
		8451DFBC221981D70035D715 /* String+Clear.swift */ = {isa = PBXFileReference; fileEncoding = 4; lastKnownFileType = sourcecode.swift; name = "String+Clear.swift"; path = "MFCoin/Sources/String+Clear.swift"; sourceTree = SOURCE_ROOT; };
		8451DFBD221981D70035D715 /* Blockchain.swift */ = {isa = PBXFileReference; fileEncoding = 4; lastKnownFileType = sourcecode.swift; name = Blockchain.swift; path = MFCoin/Sources/Blockchain.swift; sourceTree = SOURCE_ROOT; };
		8451DFBE221981D70035D715 /* SLIP.swift */ = {isa = PBXFileReference; fileEncoding = 4; lastKnownFileType = sourcecode.swift; name = SLIP.swift; path = MFCoin/Sources/SLIP.swift; sourceTree = SOURCE_ROOT; };
		8451DFC1221981D80035D715 /* PublicKey.swift */ = {isa = PBXFileReference; fileEncoding = 4; lastKnownFileType = sourcecode.swift; name = PublicKey.swift; path = MFCoin/Sources/PublicKey.swift; sourceTree = SOURCE_ROOT; };
		8451DFC2221981D90035D715 /* Crypto.m */ = {isa = PBXFileReference; fileEncoding = 4; lastKnownFileType = sourcecode.c.objc; name = Crypto.m; path = MFCoin/Sources/Crypto.m; sourceTree = SOURCE_ROOT; };
		8451DFC3221981D90035D715 /* BlockchainFactory.swift */ = {isa = PBXFileReference; fileEncoding = 4; lastKnownFileType = sourcecode.swift; name = BlockchainFactory.swift; path = MFCoin/Sources/BlockchainFactory.swift; sourceTree = SOURCE_ROOT; };
		8451DFC4221981D90035D715 /* Address.swift */ = {isa = PBXFileReference; fileEncoding = 4; lastKnownFileType = sourcecode.swift; name = Address.swift; path = MFCoin/Sources/Address.swift; sourceTree = SOURCE_ROOT; };
		8451DFC5221981DA0035D715 /* BinaryCoding.swift */ = {isa = PBXFileReference; fileEncoding = 4; lastKnownFileType = sourcecode.swift; name = BinaryCoding.swift; path = MFCoin/Sources/BinaryCoding.swift; sourceTree = SOURCE_ROOT; };
		8451DFC7221981DB0035D715 /* PrivateKey.swift */ = {isa = PBXFileReference; fileEncoding = 4; lastKnownFileType = sourcecode.swift; name = PrivateKey.swift; path = MFCoin/Sources/PrivateKey.swift; sourceTree = SOURCE_ROOT; };
		8451DFC9221981DC0035D715 /* Data+Clear.swift */ = {isa = PBXFileReference; fileEncoding = 4; lastKnownFileType = sourcecode.swift; name = "Data+Clear.swift"; path = "MFCoin/Sources/Data+Clear.swift"; sourceTree = SOURCE_ROOT; };
		8451DFCD221981DE0035D715 /* BigIntEncoding.swift */ = {isa = PBXFileReference; fileEncoding = 4; lastKnownFileType = sourcecode.swift; name = BigIntEncoding.swift; path = MFCoin/Sources/BigIntEncoding.swift; sourceTree = SOURCE_ROOT; };
		8451DFCF221981DF0035D715 /* TrustCore.h */ = {isa = PBXFileReference; fileEncoding = 4; lastKnownFileType = sourcecode.c.h; name = TrustCore.h; path = MFCoin/Sources/TrustCore.h; sourceTree = SOURCE_ROOT; };
		8451DFD1221981E00035D715 /* Purpose.swift */ = {isa = PBXFileReference; fileEncoding = 4; lastKnownFileType = sourcecode.swift; name = Purpose.swift; path = MFCoin/Sources/Purpose.swift; sourceTree = SOURCE_ROOT; };
		845403B7221877CD00186453 /* Extensions.swift */ = {isa = PBXFileReference; lastKnownFileType = sourcecode.swift; path = Extensions.swift; sourceTree = "<group>"; };
		8456E2132222A83700DACD49 /* ShapeShift.swift */ = {isa = PBXFileReference; lastKnownFileType = sourcecode.swift; path = ShapeShift.swift; sourceTree = "<group>"; };
		8456E2172222C4EE00DACD49 /* History.swift */ = {isa = PBXFileReference; lastKnownFileType = sourcecode.swift; path = History.swift; sourceTree = "<group>"; };
		845B796C21E35F2100867A57 /* KeychainService.swift */ = {isa = PBXFileReference; lastKnownFileType = sourcecode.swift; path = KeychainService.swift; sourceTree = "<group>"; };
		845B796E21E363A100867A57 /* SetCoinsTableViewController.swift */ = {isa = PBXFileReference; lastKnownFileType = sourcecode.swift; path = SetCoinsTableViewController.swift; sourceTree = "<group>"; };
		845B797021E37A6500867A57 /* AuthViewController.swift */ = {isa = PBXFileReference; lastKnownFileType = sourcecode.swift; path = AuthViewController.swift; sourceTree = "<group>"; };
		845C3EB421EA54A500A4C836 /* CoinModel.swift */ = {isa = PBXFileReference; lastKnownFileType = sourcecode.swift; path = CoinModel.swift; sourceTree = "<group>"; };
		845C3EB621EA552F00A4C836 /* RealmHelper.swift */ = {isa = PBXFileReference; lastKnownFileType = sourcecode.swift; path = RealmHelper.swift; sourceTree = "<group>"; };
		84616734220EBF900085C756 /* SwiftSocket.framework */ = {isa = PBXFileReference; lastKnownFileType = wrapper.framework; name = SwiftSocket.framework; path = Carthage/Build/iOS/SwiftSocket.framework; sourceTree = "<group>"; };
		846586F52229938A0046A8ED /* CoinDerPaths.swift */ = {isa = PBXFileReference; lastKnownFileType = sourcecode.swift; path = CoinDerPaths.swift; sourceTree = "<group>"; };
		84696F6A2224080500BAE8BD /* TransactionsSender.swift */ = {isa = PBXFileReference; lastKnownFileType = sourcecode.swift; path = TransactionsSender.swift; sourceTree = "<group>"; };
		846E88842250916500EB6EAE /* TxHistoryViewController.swift */ = {isa = PBXFileReference; lastKnownFileType = sourcecode.swift; path = TxHistoryViewController.swift; sourceTree = "<group>"; };
		846E88862250F97100EB6EAE /* NaviController.swift */ = {isa = PBXFileReference; lastKnownFileType = sourcecode.swift; path = NaviController.swift; sourceTree = "<group>"; };
		846EC9F4224F3B4000565D95 /* Unspent.swift */ = {isa = PBXFileReference; lastKnownFileType = sourcecode.swift; path = Unspent.swift; sourceTree = "<group>"; };
		8470A8DA221C8CA800454971 /* ConvertValue.swift */ = {isa = PBXFileReference; lastKnownFileType = sourcecode.swift; path = ConvertValue.swift; sourceTree = "<group>"; };
		8470F89121D69C7D0096CE22 /* mainFon.png */ = {isa = PBXFileReference; lastKnownFileType = image.png; path = mainFon.png; sourceTree = "<group>"; };
		8470F89421D69D7B0096CE22 /* Logo.png */ = {isa = PBXFileReference; lastKnownFileType = image.png; path = Logo.png; sourceTree = "<group>"; };
		8470F89621D69D820096CE22 /* mainFon2.png */ = {isa = PBXFileReference; lastKnownFileType = image.png; path = mainFon2.png; sourceTree = "<group>"; };
		8470F89A21D6A5F00096CE22 /* CreateWalletViewController.swift */ = {isa = PBXFileReference; lastKnownFileType = sourcecode.swift; path = CreateWalletViewController.swift; sourceTree = "<group>"; };
		8474DE0322180A4E00AF2365 /* ContainerViewController.swift */ = {isa = PBXFileReference; lastKnownFileType = sourcecode.swift; path = ContainerViewController.swift; sourceTree = "<group>"; };
		8474DE062218179C00AF2365 /* ReceiveViewController.swift */ = {isa = PBXFileReference; lastKnownFileType = sourcecode.swift; path = ReceiveViewController.swift; sourceTree = "<group>"; };
		8474DE08221817AE00AF2365 /* SendViewController.swift */ = {isa = PBXFileReference; lastKnownFileType = sourcecode.swift; path = SendViewController.swift; sourceTree = "<group>"; };
		8474DE0A22183B4A00AF2365 /* AddressTableViewCell.swift */ = {isa = PBXFileReference; lastKnownFileType = sourcecode.swift; path = AddressTableViewCell.swift; sourceTree = "<group>"; };
		8484A31522524731006B8486 /* Reachability.swift */ = {isa = PBXFileReference; lastKnownFileType = sourcecode.swift; path = Reachability.swift; sourceTree = "<group>"; };
		8487C2C621CE38BF000A9725 /* MFCoin.app */ = {isa = PBXFileReference; explicitFileType = wrapper.application; includeInIndex = 0; path = MFCoin.app; sourceTree = BUILT_PRODUCTS_DIR; };
		8487C2C921CE38BF000A9725 /* AppDelegate.swift */ = {isa = PBXFileReference; lastKnownFileType = sourcecode.swift; path = AppDelegate.swift; sourceTree = "<group>"; };
		8487C2CB21CE38BF000A9725 /* StartViewController.swift */ = {isa = PBXFileReference; lastKnownFileType = sourcecode.swift; path = StartViewController.swift; sourceTree = "<group>"; };
		8487C2CE21CE38BF000A9725 /* Base */ = {isa = PBXFileReference; lastKnownFileType = file.storyboard; name = Base; path = Base.lproj/Main.storyboard; sourceTree = "<group>"; };
		8487C2D021CE38E2000A9725 /* Assets.xcassets */ = {isa = PBXFileReference; lastKnownFileType = folder.assetcatalog; path = Assets.xcassets; sourceTree = "<group>"; };
		8487C2D321CE38E2000A9725 /* Base */ = {isa = PBXFileReference; lastKnownFileType = file.storyboard; name = Base; path = Base.lproj/LaunchScreen.storyboard; sourceTree = "<group>"; };
		8487C2D521CE38E2000A9725 /* Info.plist */ = {isa = PBXFileReference; lastKnownFileType = text.plist.xml; path = Info.plist; sourceTree = "<group>"; };
		84882A1421FE20000044FA4F /* ServerConnect.swift */ = {isa = PBXFileReference; indentWidth = 3; lastKnownFileType = sourcecode.swift; path = ServerConnect.swift; sourceTree = "<group>"; };
		848A5CB622169CB5002A36B6 /* ServerCommands.swift */ = {isa = PBXFileReference; lastKnownFileType = sourcecode.swift; path = ServerCommands.swift; sourceTree = "<group>"; };
		848AE24621E335D100B96427 /* BiometricIDAuth.swift */ = {isa = PBXFileReference; lastKnownFileType = sourcecode.swift; path = BiometricIDAuth.swift; sourceTree = "<group>"; };
		848AE24921E3419D00B96427 /* DiffPhraseViewController.swift */ = {isa = PBXFileReference; lastKnownFileType = sourcecode.swift; path = DiffPhraseViewController.swift; sourceTree = "<group>"; };
		848AE24B21E341CC00B96427 /* SetPasswordViewController.swift */ = {isa = PBXFileReference; lastKnownFileType = sourcecode.swift; path = SetPasswordViewController.swift; sourceTree = "<group>"; };
		8491736F224DEF7C008D57B8 /* TxHistory.swift */ = {isa = PBXFileReference; lastKnownFileType = sourcecode.swift; path = TxHistory.swift; sourceTree = "<group>"; };
		8494B4442253561000D7DE9C /* SweepPaperModel.swift */ = {isa = PBXFileReference; lastKnownFileType = sourcecode.swift; path = SweepPaperModel.swift; sourceTree = "<group>"; };
		849F012C21E4A43C000AB56A /* CoinsTabBarController.swift */ = {isa = PBXFileReference; lastKnownFileType = sourcecode.swift; path = CoinsTabBarController.swift; sourceTree = "<group>"; };
		84AA92EE221FF466004979FF /* SettingsViewController.swift */ = {isa = PBXFileReference; lastKnownFileType = sourcecode.swift; path = SettingsViewController.swift; sourceTree = "<group>"; };
		84ABA724221F2DF60057458C /* Settings.storyboard */ = {isa = PBXFileReference; lastKnownFileType = file.storyboard; path = Settings.storyboard; sourceTree = "<group>"; };
		84ABA727221F2E760057458C /* RecoveryPhraseViewController.swift */ = {isa = PBXFileReference; lastKnownFileType = sourcecode.swift; path = RecoveryPhraseViewController.swift; sourceTree = "<group>"; };
		84ABA729221F320F0057458C /* ChangePasswordViewController.swift */ = {isa = PBXFileReference; lastKnownFileType = sourcecode.swift; path = ChangePasswordViewController.swift; sourceTree = "<group>"; };
		84ABA72B221F33180057458C /* ExchRatesTableViewController.swift */ = {isa = PBXFileReference; lastKnownFileType = sourcecode.swift; path = ExchRatesTableViewController.swift; sourceTree = "<group>"; };
		84ABA72E221F333D0057458C /* ExchRatesTableViewCell.swift */ = {isa = PBXFileReference; lastKnownFileType = sourcecode.swift; path = ExchRatesTableViewCell.swift; sourceTree = "<group>"; };
		84ABA730221F355F0057458C /* TransactFeesTableViewCell.swift */ = {isa = PBXFileReference; lastKnownFileType = sourcecode.swift; path = TransactFeesTableViewCell.swift; sourceTree = "<group>"; };
		84ABA732221F35770057458C /* TransactFeesTableViewController.swift */ = {isa = PBXFileReference; lastKnownFileType = sourcecode.swift; path = TransactFeesTableViewController.swift; sourceTree = "<group>"; };
		84ABA734221F38480057458C /* SweepPaperViewController.swift */ = {isa = PBXFileReference; lastKnownFileType = sourcecode.swift; path = SweepPaperViewController.swift; sourceTree = "<group>"; };
		84ACE6EF21E90986000E624B /* QRCodeGenerate.swift */ = {isa = PBXFileReference; lastKnownFileType = sourcecode.swift; path = QRCodeGenerate.swift; sourceTree = "<group>"; };
		84C0DCAA222B717100BB6B87 /* BitcoinUnsignedTransaction.swift */ = {isa = PBXFileReference; lastKnownFileType = sourcecode.swift; path = BitcoinUnsignedTransaction.swift; sourceTree = "<group>"; };
		AFF53E8CCEAE04050D764C25 /* Pods_MFCoin.framework */ = {isa = PBXFileReference; explicitFileType = wrapper.framework; includeInIndex = 0; path = Pods_MFCoin.framework; sourceTree = BUILT_PRODUCTS_DIR; };
/* End PBXFileReference section */

/* Begin PBXFrameworksBuildPhase section */
		8487C2C321CE38BF000A9725 /* Frameworks */ = {
			isa = PBXFrameworksBuildPhase;
			buildActionMask = 2147483647;
			files = (
				8A86B9BF688CAD6C2A19C5F4 /* Pods_MFCoin.framework in Frameworks */,
				84616735220EBF900085C756 /* SwiftSocket.framework in Frameworks */,
			);
			runOnlyForDeploymentPostprocessing = 0;
		};
/* End PBXFrameworksBuildPhase section */

/* Begin PBXGroup section */
		6D367CCBB7CFF0A5E1567F4D /* Pods */ = {
			isa = PBXGroup;
			children = (
				529BA5D880D10FEADEA09955 /* Pods-MFCoin.debug.xcconfig */,
				5ECF25CC02EFD6C5E8DD8D1C /* Pods-MFCoin.release.xcconfig */,
			);
			name = Pods;
			sourceTree = "<group>";
		};
		842C70A021D53DCA00405E0B /* Frameworks */ = {
			isa = PBXGroup;
			children = (
				AFF53E8CCEAE04050D764C25 /* Pods_MFCoin.framework */,
			);
			name = Frameworks;
			sourceTree = "<group>";
		};
		843A151A2219D959006F393D /* Bitcoin */ = {
			isa = PBXGroup;
			children = (
				843A151C2219D96F006F393D /* Bitcoin.swift */,
				843A15232219D97B006F393D /* BitcoinAddress.swift */,
				843A15212219D977006F393D /* BitcoinBech32Address.swift */,
				843A15242219D97E006F393D /* BitcoinPrivateKeyProvider.swift */,
				843A15262219D982006F393D /* BitcoinScript.swift */,
				843A152C2219D98C006F393D /* BitcoinScript+Building.swift */,
				843A152A2219D987006F393D /* BitcoinScript+Parsing.swift */,
				843A152B2219D989006F393D /* BitcoinTransaction.swift */,
				843A15272219D983006F393D /* BitcoinTransaction+Building.swift */,
				843A15252219D980006F393D /* BitcoinTransaction+Signing.swift */,
				843A15222219D97A006F393D /* BitcoinTransactionSigner.swift */,
				843A151D2219D970006F393D /* BitcoinUnspentSelector.swift */,
				843A15282219D984006F393D /* BitcoinUnspentTransaction.swift */,
				843A151E2219D972006F393D /* OpCode.swift */,
				843A151F2219D973006F393D /* PrivateKey+Bitcoin.swift */,
				843A151B2219D96D006F393D /* PublicKey+Bitcoin.swift */,
				843A15292219D986006F393D /* SignatureHashType.swift */,
				843A15202219D974006F393D /* WitnessProgram.swift */,
				84C0DCAA222B717100BB6B87 /* BitcoinUnsignedTransaction.swift */,
			);
			path = Bitcoin;
			sourceTree = "<group>";
		};
		843A15402219D9AB006F393D /* BitcoinCash */ = {
			isa = PBXGroup;
			children = (
				843A15412219D9BB006F393D /* BitcoinCash.swift */,
				843A15422219D9BD006F393D /* BitcoinCashAddress.swift */,
			);
			path = BitcoinCash;
			sourceTree = "<group>";
		};
		843A15452219D9C8006F393D /* Dash */ = {
			isa = PBXGroup;
			children = (
				843A15462219D9D4006F393D /* Dash.swift */,
			);
			path = Dash;
			sourceTree = "<group>";
		};
		843A15482219D9E5006F393D /* EOS */ = {
			isa = PBXGroup;
			children = (
				843A154D2219DA1B006F393D /* EOS.swift */,
				843A154E2219DA1E006F393D /* EOSAddress.swift */,
			);
			path = EOS;
			sourceTree = "<group>";
		};
		843A15492219D9F1006F393D /* Ethereum */ = {
			isa = PBXGroup;
			children = (
				843A155F2219DA43006F393D /* Solidity */,
				843A15562219DA3A006F393D /* Ethereum.swift */,
				843A15572219DA3D006F393D /* EthereumAddress.swift */,
				843A15512219DA2F006F393D /* EthereumChecksum.swift */,
				843A15532219DA33006F393D /* EthereumTransaction.swift */,
				843A15552219DA38006F393D /* PublicKey+Ethereum.swift */,
				843A15522219DA31006F393D /* RLP.swift */,
				843A15542219DA36006F393D /* SignatureSigner.swift */,
			);
			path = Ethereum;
			sourceTree = "<group>";
		};
		843A154A2219D9FF006F393D /* HDWallet */ = {
			isa = PBXGroup;
			children = (
				843A157D2219DAF8006F393D /* DerivationPath.Index.swift */,
				843A157E2219DAFA006F393D /* DerivationPath.swift */,
				843A157C2219DAF7006F393D /* HDWallet.swift */,
			);
			path = HDWallet;
			sourceTree = "<group>";
		};
		843A154B2219DA05006F393D /* Icon */ = {
			isa = PBXGroup;
			children = (
				843A15852219DB11006F393D /* Icon.swift */,
				843A15842219DB0E006F393D /* IconAddress.swift */,
				843A15862219DB16006F393D /* IconSigner.swift */,
				843A15832219DB0C006F393D /* IconTransaction.swift */,
				843A15822219DB09006F393D /* PublicKey+Icon.swift */,
			);
			path = Icon;
			sourceTree = "<group>";
		};
		843A154C2219DA0E006F393D /* Litecoin */ = {
			isa = PBXGroup;
			children = (
				843A158C2219DB24006F393D /* Litecoin.swift */,
			);
			path = Litecoin;
			sourceTree = "<group>";
		};
		843A155F2219DA43006F393D /* Solidity */ = {
			isa = PBXGroup;
			children = (
				843A15752219DAB9006F393D /* ENS */,
				843A15702219DA96006F393D /* EIP712 */,
				843A15612219DA61006F393D /* ABIDecoder.swift */,
				843A15642219DA67006F393D /* ABIEncoder.swift */,
				843A15602219DA5F006F393D /* ABIError.swift */,
				843A15672219DA6C006F393D /* ABIType.swift */,
				843A15662219DA6B006F393D /* ABIValue.swift */,
				843A15632219DA65006F393D /* ERC20Encoder.swift */,
				843A15652219DA69006F393D /* ERC721Encoder.swift */,
				843A15622219DA63006F393D /* Function.swift */,
			);
			path = Solidity;
			sourceTree = "<group>";
		};
		843A15702219DA96006F393D /* EIP712 */ = {
			isa = PBXGroup;
			children = (
				843A15712219DAAC006F393D /* EIP712TypedData.swift */,
				843A15722219DAAF006F393D /* GenericJSON.swift */,
			);
			path = EIP712;
			sourceTree = "<group>";
		};
		843A15752219DAB9006F393D /* ENS */ = {
			isa = PBXGroup;
			children = (
				843A15772219DAD1006F393D /* ENSEncoder.swift */,
				843A15782219DAD4006F393D /* Namehash.swift */,
				843A15762219DACE006F393D /* ReverseResolverEncoder.swift */,
			);
			path = ENS;
			sourceTree = "<group>";
		};
		843A158E2219DB3B006F393D /* Tron */ = {
			isa = PBXGroup;
			children = (
				843A15A42219DBA4006F393D /* Type */,
				843A159D2219DB80006F393D /* Protobuf */,
				843A15952219DB77006F393D /* Tron.swift */,
				843A15942219DB76006F393D /* TronAddress.swift */,
				843A15932219DB74006F393D /* TronBlock.swift */,
				843A15922219DB73006F393D /* TronContract.swift */,
				843A15962219DB78006F393D /* TronSign.swift */,
				843A15912219DB71006F393D /* TronTransaction.swift */,
			);
			path = Tron;
			sourceTree = "<group>";
		};
		843A158F2219DB4C006F393D /* VeChain */ = {
			isa = PBXGroup;
			children = (
				843A15A82219DBCC006F393D /* VechainClause.swift */,
				843A15A72219DBC9006F393D /* VechainTransaction.swift */,
			);
			path = VeChain;
			sourceTree = "<group>";
		};
		843A15902219DB61006F393D /* Wanchain */ = {
			isa = PBXGroup;
			children = (
				843A15AE2219DBE0006F393D /* Wanchain.swift */,
				843A15AC2219DBDC006F393D /* WanchainAddress.swift */,
				843A15AB2219DBDA006F393D /* WanchainSigner.swift */,
				843A15AD2219DBDE006F393D /* WanchainTransaction.swift */,
			);
			path = Wanchain;
			sourceTree = "<group>";
		};
		843A159D2219DB80006F393D /* Protobuf */ = {
			isa = PBXGroup;
			children = (
				843A159E2219DB92006F393D /* Contract.pb.swift */,
				843A15A02219DB97006F393D /* Discover.pb.swift */,
				843A159F2219DB95006F393D /* Tron.pb.swift */,
			);
			path = Protobuf;
			sourceTree = "<group>";
		};
		843A15A42219DBA4006F393D /* Type */ = {
			isa = PBXGroup;
			children = (
				843A15A52219DBB4006F393D /* TronContractType.swift */,
			);
			path = Type;
			sourceTree = "<group>";
		};
		843A15B52219E050006F393D /* MFCoin */ = {
			isa = PBXGroup;
			children = (
				843A15B32219E048006F393D /* MFCoin.swift */,
			);
			path = MFCoin;
			sourceTree = "<group>";
		};
		843FDD8F21E4ED2D00C655F2 /* Recreate */ = {
			isa = PBXGroup;
			children = (
				843FDD9021E4ED5C00C655F2 /* RecreateViewController.swift */,
			);
			path = Recreate;
			sourceTree = "<group>";
		};
		843FDD9421E4F4F900C655F2 /* Helpers */ = {
			isa = PBXGroup;
			children = (
				845C3EB621EA552F00A4C836 /* RealmHelper.swift */,
				842CAFFD21EB5CE7000B8F0A /* KitManager.swift */,
				84882A1321FE1FCF0044FA4F /* Server */,
				845B796C21E35F2100867A57 /* KeychainService.swift */,
				848AE24621E335D100B96427 /* BiometricIDAuth.swift */,
				84ACE6EF21E90986000E624B /* QRCodeGenerate.swift */,
				842CB00121EB7915000B8F0A /* Constants.swift */,
				8470A8DA221C8CA800454971 /* ConvertValue.swift */,
				845403B7221877CD00186453 /* Extensions.swift */,
				8484A31522524731006B8486 /* Reachability.swift */,
				843D915F225B8C5F009081C6 /* SRCopyableLabel.swift */,
			);
			path = Helpers;
			sourceTree = "<group>";
		};
		8451DFB6221981AF0035D715 /* Source */ = {
			isa = PBXGroup;
			children = (
				843A154A2219D9FF006F393D /* HDWallet */,
				843A15B52219E050006F393D /* MFCoin */,
				843A151A2219D959006F393D /* Bitcoin */,
				843A15452219D9C8006F393D /* Dash */,
				843A154C2219DA0E006F393D /* Litecoin */,
				843A15402219D9AB006F393D /* BitcoinCash */,
				843A154B2219DA05006F393D /* Icon */,
				843A15492219D9F1006F393D /* Ethereum */,
				843A15482219D9E5006F393D /* EOS */,
				843A158E2219DB3B006F393D /* Tron */,
				843A158F2219DB4C006F393D /* VeChain */,
				843A15902219DB61006F393D /* Wanchain */,
				8451DFC4221981D90035D715 /* Address.swift */,
				8451DFCD221981DE0035D715 /* BigIntEncoding.swift */,
				8451DFC5221981DA0035D715 /* BinaryCoding.swift */,
				8451DFBD221981D70035D715 /* Blockchain.swift */,
				8451DFC3221981D90035D715 /* BlockchainFactory.swift */,
				8451DFBA221981D60035D715 /* Crypto.h */,
				8451DFC2221981D90035D715 /* Crypto.m */,
				8451DFC9221981DC0035D715 /* Data+Clear.swift */,
				8451DFBB221981D70035D715 /* Data+Hex.swift */,
				8451DFC7221981DB0035D715 /* PrivateKey.swift */,
				8451DFC1221981D80035D715 /* PublicKey.swift */,
				8451DFD1221981E00035D715 /* Purpose.swift */,
				8451DFBE221981D70035D715 /* SLIP.swift */,
				8451DFBC221981D70035D715 /* String+Clear.swift */,
				8451DFCF221981DF0035D715 /* TrustCore.h */,
				8451DFB7221981D40035D715 /* MFCoin-Bridging-Header.h */,
				843A15B62219E83B006F393D /* Mnemonic.swift */,
				845050B5222BD0E4000B4194 /* Serialization.swift */,
				845050B7222BD14D000B4194 /* VarInt.swift */,
			);
			path = Source;
			sourceTree = "<group>";
		};
		845403B922187E2C00186453 /* ViewModel */ = {
			isa = PBXGroup;
			children = (
				842E65332253C7A900DB6ACA /* AddressesTableViewCell.swift */,
				8474DE0A22183B4A00AF2365 /* AddressTableViewCell.swift */,
			);
			path = ViewModel;
			sourceTree = "<group>";
		};
		845403BA22187E5000186453 /* ViewModel */ = {
			isa = PBXGroup;
			children = (
				843F8FFB21CE9258008E2F86 /* CoinsTableViewCell.swift */,
			);
			path = ViewModel;
			sourceTree = "<group>";
		};
		845403BB22187E6600186453 /* ViewModel */ = {
			isa = PBXGroup;
			children = (
				842CAFF721EB46EB000B8F0A /* WalletTableViewCell.swift */,
			);
			path = ViewModel;
			sourceTree = "<group>";
		};
		845403BC22187EB700186453 /* Coin */ = {
			isa = PBXGroup;
			children = (
				8456E2172222C4EE00DACD49 /* History.swift */,
				846EC9F4224F3B4000565D95 /* Unspent.swift */,
				846586F52229938A0046A8ED /* CoinDerPaths.swift */,
				845C3EB421EA54A500A4C836 /* CoinModel.swift */,
				843FDD9521E50EBF00C655F2 /* CoinsList.swift */,
				8491736F224DEF7C008D57B8 /* TxHistory.swift */,
				8494B4442253561000D7DE9C /* SweepPaperModel.swift */,
			);
			path = Coin;
			sourceTree = "<group>";
		};
		8456E2152222C49500DACD49 /* Models */ = {
			isa = PBXGroup;
			children = (
				8456E2162222C4B800DACD49 /* Fiat */,
				845403BC22187EB700186453 /* Coin */,
			);
			path = Models;
			sourceTree = "<group>";
		};
		8456E2162222C4B800DACD49 /* Fiat */ = {
			isa = PBXGroup;
			children = (
				842B5AF02227108100D8688A /* FiatModel.swift */,
			);
			path = Fiat;
			sourceTree = "<group>";
		};
		8470F89321D69D280096CE22 /* Image */ = {
			isa = PBXGroup;
			children = (
				8470F89121D69C7D0096CE22 /* mainFon.png */,
				8470F89621D69D820096CE22 /* mainFon2.png */,
				8470F89421D69D7B0096CE22 /* Logo.png */,
			);
			path = Image;
			sourceTree = "<group>";
		};
		8470F89921D6A5B00096CE22 /* Controller */ = {
			isa = PBXGroup;
			children = (
				84ABA726221F2E4F0057458C /* Settings */,
				8487C2CB21CE38BF000A9725 /* StartViewController.swift */,
				845B797021E37A6500867A57 /* AuthViewController.swift */,
				843FDD8D21E4E9E800C655F2 /* ScannerViewController.swift */,
				849F012B21E4A3F7000AB56A /* Coins */,
				848AE24821E3415B00B96427 /* Create */,
				843FDD8F21E4ED2D00C655F2 /* Recreate */,
			);
			path = Controller;
			sourceTree = "<group>";
		};
		8474DE052218170B00AF2365 /* Container */ = {
			isa = PBXGroup;
			children = (
				845403B922187E2C00186453 /* ViewModel */,
				8474DE0322180A4E00AF2365 /* ContainerViewController.swift */,
				8474DE062218179C00AF2365 /* ReceiveViewController.swift */,
				842CAFFF21EB7117000B8F0A /* AddressViewController.swift */,
				8474DE08221817AE00AF2365 /* SendViewController.swift */,
				842E65352253C9BB00DB6ACA /* NewAddressTVC.swift */,
			);
			path = Container;
			sourceTree = "<group>";
		};
		8487C2BD21CE38BF000A9725 = {
			isa = PBXGroup;
			children = (
				84616734220EBF900085C756 /* SwiftSocket.framework */,
				8487C2C821CE38BF000A9725 /* MFCoin */,
				8487C2C721CE38BF000A9725 /* Products */,
				842C70A021D53DCA00405E0B /* Frameworks */,
				6D367CCBB7CFF0A5E1567F4D /* Pods */,
			);
			sourceTree = "<group>";
		};
		8487C2C721CE38BF000A9725 /* Products */ = {
			isa = PBXGroup;
			children = (
				8487C2C621CE38BF000A9725 /* MFCoin.app */,
			);
			name = Products;
			sourceTree = "<group>";
		};
		8487C2C821CE38BF000A9725 /* MFCoin */ = {
			isa = PBXGroup;
			children = (
				8487C2C921CE38BF000A9725 /* AppDelegate.swift */,
				8487C2CD21CE38BF000A9725 /* Main.storyboard */,
				843F8FF721CE916A008E2F86 /* Coins.storyboard */,
				84ABA724221F2DF60057458C /* Settings.storyboard */,
				8456E2152222C49500DACD49 /* Models */,
				8451DFB6221981AF0035D715 /* Source */,
				843FDD9421E4F4F900C655F2 /* Helpers */,
				8470F89921D6A5B00096CE22 /* Controller */,
				8487C2D021CE38E2000A9725 /* Assets.xcassets */,
				8487C2D221CE38E2000A9725 /* LaunchScreen.storyboard */,
				8487C2D521CE38E2000A9725 /* Info.plist */,
				844478A121DE5FBD00F6DFAE /* MFCoin.entitlements */,
				8470F89321D69D280096CE22 /* Image */,
			);
			path = MFCoin;
			sourceTree = "<group>";
		};
		84882A1321FE1FCF0044FA4F /* Server */ = {
			isa = PBXGroup;
			children = (
				84882A1421FE20000044FA4F /* ServerConnect.swift */,
				848A5CB622169CB5002A36B6 /* ServerCommands.swift */,
				843B9F62221B333400913829 /* JsonStructs.swift */,
				8456E2132222A83700DACD49 /* ShapeShift.swift */,
				842B5AEE2226F00500D8688A /* FiatTicker.swift */,
				84696F6A2224080500BAE8BD /* TransactionsSender.swift */,
			);
			path = Server;
			sourceTree = "<group>";
		};
		848AE24821E3415B00B96427 /* Create */ = {
			isa = PBXGroup;
			children = (
				845403BA22187E5000186453 /* ViewModel */,
				8470F89A21D6A5F00096CE22 /* CreateWalletViewController.swift */,
				848AE24921E3419D00B96427 /* DiffPhraseViewController.swift */,
				848AE24B21E341CC00B96427 /* SetPasswordViewController.swift */,
				845B796E21E363A100867A57 /* SetCoinsTableViewController.swift */,
			);
			path = Create;
			sourceTree = "<group>";
		};
		849F012B21E4A3F7000AB56A /* Coins */ = {
			isa = PBXGroup;
			children = (
				8474DE052218170B00AF2365 /* Container */,
				845403BB22187E6600186453 /* ViewModel */,
				849F012C21E4A43C000AB56A /* CoinsTabBarController.swift */,
				846E88862250F97100EB6EAE /* NaviController.swift */,
				842CAFF921EB47A9000B8F0A /* WalletTableViewController.swift */,
				84AA92EE221FF466004979FF /* SettingsViewController.swift */,
				846E88842250916500EB6EAE /* TxHistoryViewController.swift */,
			);
			path = Coins;
			sourceTree = "<group>";
		};
		84ABA726221F2E4F0057458C /* Settings */ = {
			isa = PBXGroup;
			children = (
				84ABA72D221F33200057458C /* ViewModel */,
				84ABA727221F2E760057458C /* RecoveryPhraseViewController.swift */,
				84ABA729221F320F0057458C /* ChangePasswordViewController.swift */,
				84ABA72B221F33180057458C /* ExchRatesTableViewController.swift */,
				84ABA732221F35770057458C /* TransactFeesTableViewController.swift */,
				84ABA734221F38480057458C /* SweepPaperViewController.swift */,
			);
			path = Settings;
			sourceTree = "<group>";
		};
		84ABA72D221F33200057458C /* ViewModel */ = {
			isa = PBXGroup;
			children = (
				84ABA72E221F333D0057458C /* ExchRatesTableViewCell.swift */,
				84ABA730221F355F0057458C /* TransactFeesTableViewCell.swift */,
			);
			name = ViewModel;
			path = "New GroupiewModel";
			sourceTree = "<group>";
		};
/* End PBXGroup section */

/* Begin PBXNativeTarget section */
		8487C2C521CE38BF000A9725 /* MFCoin */ = {
			isa = PBXNativeTarget;
			buildConfigurationList = 8487C2D821CE38E2000A9725 /* Build configuration list for PBXNativeTarget "MFCoin" */;
			buildPhases = (
				7ED8BC606D35C735B8921CD1 /* [CP] Check Pods Manifest.lock */,
				8487C2C221CE38BF000A9725 /* Sources */,
				8487C2C321CE38BF000A9725 /* Frameworks */,
				8487C2C421CE38BF000A9725 /* Resources */,
				84616737220EBF910085C756 /* Embed Frameworks */,
				3CD045B4EE587E21B6181ECA /* [CP] Embed Pods Frameworks */,
			);
			buildRules = (
			);
			dependencies = (
			);
			name = MFCoin;
			productName = MFCoin;
			productReference = 8487C2C621CE38BF000A9725 /* MFCoin.app */;
			productType = "com.apple.product-type.application";
		};
/* End PBXNativeTarget section */

/* Begin PBXProject section */
		8487C2BE21CE38BF000A9725 /* Project object */ = {
			isa = PBXProject;
			attributes = {
				LastSwiftUpdateCheck = 1010;
				LastUpgradeCheck = 1010;
				ORGANIZATIONNAME = "Egor Vdovin";
				TargetAttributes = {
					8487C2C521CE38BF000A9725 = {
						CreatedOnToolsVersion = 10.1;
						LastSwiftMigration = 1010;
						SystemCapabilities = {
							com.apple.DataProtection = {
								enabled = 0;
							};
							com.apple.Keychain = {
								enabled = 0;
							};
							com.apple.Wallet = {
								enabled = 0;
							};
						};
					};
				};
			};
			buildConfigurationList = 8487C2C121CE38BF000A9725 /* Build configuration list for PBXProject "MFCoin" */;
			compatibilityVersion = "Xcode 9.3";
			developmentRegion = en;
			hasScannedForEncodings = 0;
			knownRegions = (
				en,
				Base,
			);
			mainGroup = 8487C2BD21CE38BF000A9725;
			productRefGroup = 8487C2C721CE38BF000A9725 /* Products */;
			projectDirPath = "";
			projectRoot = "";
			targets = (
				8487C2C521CE38BF000A9725 /* MFCoin */,
			);
		};
/* End PBXProject section */

/* Begin PBXResourcesBuildPhase section */
		8487C2C421CE38BF000A9725 /* Resources */ = {
			isa = PBXResourcesBuildPhase;
			buildActionMask = 2147483647;
			files = (
				8470F89521D69D7C0096CE22 /* Logo.png in Resources */,
				8470F89221D69C7E0096CE22 /* mainFon.png in Resources */,
				8470F89721D69D850096CE22 /* mainFon2.png in Resources */,
				84ABA725221F2DF60057458C /* Settings.storyboard in Resources */,
				8487C2D421CE38E2000A9725 /* LaunchScreen.storyboard in Resources */,
				8487C2D121CE38E2000A9725 /* Assets.xcassets in Resources */,
				8487C2CF21CE38BF000A9725 /* Main.storyboard in Resources */,
				843F8FF821CE916A008E2F86 /* Coins.storyboard in Resources */,
			);
			runOnlyForDeploymentPostprocessing = 0;
		};
/* End PBXResourcesBuildPhase section */

/* Begin PBXShellScriptBuildPhase section */
		3CD045B4EE587E21B6181ECA /* [CP] Embed Pods Frameworks */ = {
			isa = PBXShellScriptBuildPhase;
			buildActionMask = 2147483647;
			files = (
			);
			inputFileListPaths = (
			);
			inputPaths = (
				"${SRCROOT}/Pods/Target Support Files/Pods-MFCoin/Pods-MFCoin-frameworks.sh",
				"${BUILT_PRODUCTS_DIR}/BigInt/BigInt.framework",
				"${BUILT_PRODUCTS_DIR}/CryptoSwift/CryptoSwift.framework",
				"${BUILT_PRODUCTS_DIR}/Realm/Realm.framework",
				"${BUILT_PRODUCTS_DIR}/RealmSwift/RealmSwift.framework",
				"${BUILT_PRODUCTS_DIR}/SipHash/SipHash.framework",
				"${BUILT_PRODUCTS_DIR}/SwiftProtobuf/SwiftProtobuf.framework",
				"${BUILT_PRODUCTS_DIR}/TrezorCrypto/TrezorCrypto.framework",
			);
			name = "[CP] Embed Pods Frameworks";
			outputFileListPaths = (
			);
			outputPaths = (
				"${TARGET_BUILD_DIR}/${FRAMEWORKS_FOLDER_PATH}/BigInt.framework",
				"${TARGET_BUILD_DIR}/${FRAMEWORKS_FOLDER_PATH}/CryptoSwift.framework",
				"${TARGET_BUILD_DIR}/${FRAMEWORKS_FOLDER_PATH}/Realm.framework",
				"${TARGET_BUILD_DIR}/${FRAMEWORKS_FOLDER_PATH}/RealmSwift.framework",
				"${TARGET_BUILD_DIR}/${FRAMEWORKS_FOLDER_PATH}/SipHash.framework",
				"${TARGET_BUILD_DIR}/${FRAMEWORKS_FOLDER_PATH}/SwiftProtobuf.framework",
				"${TARGET_BUILD_DIR}/${FRAMEWORKS_FOLDER_PATH}/TrezorCrypto.framework",
			);
			runOnlyForDeploymentPostprocessing = 0;
			shellPath = /bin/sh;
			shellScript = "\"${SRCROOT}/Pods/Target Support Files/Pods-MFCoin/Pods-MFCoin-frameworks.sh\"\n";
			showEnvVarsInLog = 0;
		};
		7ED8BC606D35C735B8921CD1 /* [CP] Check Pods Manifest.lock */ = {
			isa = PBXShellScriptBuildPhase;
			buildActionMask = 2147483647;
			files = (
			);
			inputFileListPaths = (
			);
			inputPaths = (
				"${PODS_PODFILE_DIR_PATH}/Podfile.lock",
				"${PODS_ROOT}/Manifest.lock",
			);
			name = "[CP] Check Pods Manifest.lock";
			outputFileListPaths = (
			);
			outputPaths = (
				"$(DERIVED_FILE_DIR)/Pods-MFCoin-checkManifestLockResult.txt",
			);
			runOnlyForDeploymentPostprocessing = 0;
			shellPath = /bin/sh;
			shellScript = "diff \"${PODS_PODFILE_DIR_PATH}/Podfile.lock\" \"${PODS_ROOT}/Manifest.lock\" > /dev/null\nif [ $? != 0 ] ; then\n    # print error to STDERR\n    echo \"error: The sandbox is not in sync with the Podfile.lock. Run 'pod install' or update your CocoaPods installation.\" >&2\n    exit 1\nfi\n# This output is used by Xcode 'outputs' to avoid re-running this script phase.\necho \"SUCCESS\" > \"${SCRIPT_OUTPUT_FILE_0}\"\n";
			showEnvVarsInLog = 0;
		};
/* End PBXShellScriptBuildPhase section */

/* Begin PBXSourcesBuildPhase section */
		8487C2C221CE38BF000A9725 /* Sources */ = {
			isa = PBXSourcesBuildPhase;
			buildActionMask = 2147483647;
			files = (
				843A15442219D9BE006F393D /* BitcoinCashAddress.swift in Sources */,
				843A156B2219DA6D006F393D /* ERC20Encoder.swift in Sources */,
				843A15972219DB79006F393D /* TronTransaction.swift in Sources */,
				845B796F21E363A100867A57 /* SetCoinsTableViewController.swift in Sources */,
				843A15302219D98D006F393D /* OpCode.swift in Sources */,
				843F8FFC21CE9258008E2F86 /* CoinsTableViewCell.swift in Sources */,
				8484A31622524731006B8486 /* Reachability.swift in Sources */,
				8451DFDC221981E10035D715 /* Crypto.m in Sources */,
				842CAFFE21EB5CE7000B8F0A /* KitManager.swift in Sources */,
				84882A1521FE20000044FA4F /* ServerConnect.swift in Sources */,
				843A15AA2219DBCC006F393D /* VechainClause.swift in Sources */,
				8474DE072218179C00AF2365 /* ReceiveViewController.swift in Sources */,
				843A156C2219DA6D006F393D /* ABIEncoder.swift in Sources */,
				843A153D2219D98D006F393D /* BitcoinTransaction.swift in Sources */,
				843A15372219D98D006F393D /* BitcoinTransaction+Signing.swift in Sources */,
				843A156E2219DA6D006F393D /* ABIValue.swift in Sources */,
				845B797121E37A6500867A57 /* AuthViewController.swift in Sources */,
				8470A8DB221C8CA800454971 /* ConvertValue.swift in Sources */,
				846586F62229938A0046A8ED /* CoinDerPaths.swift in Sources */,
				843A15502219DA1E006F393D /* EOSAddress.swift in Sources */,
				84ABA728221F2E760057458C /* RecoveryPhraseViewController.swift in Sources */,
				848AE24721E335D100B96427 /* BiometricIDAuth.swift in Sources */,
				843A15B22219DBE0006F393D /* Wanchain.swift in Sources */,
				842CB00021EB7117000B8F0A /* AddressViewController.swift in Sources */,
				843A15382219D98D006F393D /* BitcoinScript.swift in Sources */,
				84ABA72C221F33180057458C /* ExchRatesTableViewController.swift in Sources */,
				843A15A22219DB97006F393D /* Tron.pb.swift in Sources */,
				843A15A92219DBCC006F393D /* VechainTransaction.swift in Sources */,
				843A15802219DAFA006F393D /* DerivationPath.Index.swift in Sources */,
				8451DFE3221981E10035D715 /* Data+Clear.swift in Sources */,
				843A159C2219DB79006F393D /* TronSign.swift in Sources */,
				8474DE0422180A4E00AF2365 /* ContainerViewController.swift in Sources */,
				8487C2CC21CE38BF000A9725 /* StartViewController.swift in Sources */,
				843B9F63221B333400913829 /* JsonStructs.swift in Sources */,
				8487C2CA21CE38BF000A9725 /* AppDelegate.swift in Sources */,
				848AE24A21E3419D00B96427 /* DiffPhraseViewController.swift in Sources */,
				843A15592219DA3D006F393D /* RLP.swift in Sources */,
				843A155E2219DA3D006F393D /* EthereumAddress.swift in Sources */,
				843A158B2219DB16006F393D /* IconSigner.swift in Sources */,
				845050B6222BD0E4000B4194 /* Serialization.swift in Sources */,
				8494B4452253561000D7DE9C /* SweepPaperModel.swift in Sources */,
				8456E2142222A83700DACD49 /* ShapeShift.swift in Sources */,
				843A15A12219DB97006F393D /* Contract.pb.swift in Sources */,
				846EC9F5224F3B4000565D95 /* Unspent.swift in Sources */,
				8474DE0B22183B4A00AF2365 /* AddressTableViewCell.swift in Sources */,
				84ACE6F021E90986000E624B /* QRCodeGenerate.swift in Sources */,
				843A155D2219DA3D006F393D /* Ethereum.swift in Sources */,
				8451DFDE221981E10035D715 /* Address.swift in Sources */,
				843A15A32219DB97006F393D /* Discover.pb.swift in Sources */,
				843FDD8E21E4E9E800C655F2 /* ScannerViewController.swift in Sources */,
				843A158D2219DB24006F393D /* Litecoin.swift in Sources */,
				845B796D21E35F2100867A57 /* KeychainService.swift in Sources */,
				843FDD9121E4ED5C00C655F2 /* RecreateViewController.swift in Sources */,
				843A154F2219DA1E006F393D /* EOS.swift in Sources */,
				843A152F2219D98D006F393D /* BitcoinUnspentSelector.swift in Sources */,
				848A5CB722169CB5002A36B6 /* ServerCommands.swift in Sources */,
				843A158A2219DB16006F393D /* Icon.swift in Sources */,
				842CAFF821EB46EB000B8F0A /* WalletTableViewCell.swift in Sources */,
				843A15892219DB16006F393D /* IconAddress.swift in Sources */,
				8456E2182222C4EE00DACD49 /* History.swift in Sources */,
				843D9160225B8C5F009081C6 /* SRCopyableLabel.swift in Sources */,
				843A15322219D98D006F393D /* WitnessProgram.swift in Sources */,
				8451DFD5221981E10035D715 /* Data+Hex.swift in Sources */,
				8451DFE7221981E10035D715 /* BigIntEncoding.swift in Sources */,
				846E88852250916500EB6EAE /* TxHistoryViewController.swift in Sources */,
				845403B8221877CD00186453 /* Extensions.swift in Sources */,
				8451DFE1221981E10035D715 /* PrivateKey.swift in Sources */,
				8451DFDD221981E10035D715 /* BlockchainFactory.swift in Sources */,
				843A15682219DA6D006F393D /* ABIError.swift in Sources */,
				843A15742219DAAF006F393D /* GenericJSON.swift in Sources */,
				842B5AF12227108100D8688A /* FiatModel.swift in Sources */,
				84C0DCAB222B717100BB6B87 /* BitcoinUnsignedTransaction.swift in Sources */,
				843A155C2219DA3D006F393D /* PublicKey+Ethereum.swift in Sources */,
				8451DFD7221981E10035D715 /* Blockchain.swift in Sources */,
				845C3EB721EA552F00A4C836 /* RealmHelper.swift in Sources */,
				84ABA731221F355F0057458C /* TransactFeesTableViewCell.swift in Sources */,
				843A152D2219D98D006F393D /* PublicKey+Bitcoin.swift in Sources */,
				843FDD9621E50EBF00C655F2 /* CoinsList.swift in Sources */,
				843A15392219D98D006F393D /* BitcoinTransaction+Building.swift in Sources */,
				8451DFEA221981E10035D715 /* Purpose.swift in Sources */,
				84696F6B2224080500BAE8BD /* TransactionsSender.swift in Sources */,
				8451DFD8221981E10035D715 /* SLIP.swift in Sources */,
				842E65362253C9BB00DB6ACA /* NewAddressTVC.swift in Sources */,
				8470F89B21D6A5F00096CE22 /* CreateWalletViewController.swift in Sources */,
				843A153B2219D98D006F393D /* SignatureHashType.swift in Sources */,
				8474DE09221817AE00AF2365 /* SendViewController.swift in Sources */,
				843A155B2219DA3D006F393D /* SignatureSigner.swift in Sources */,
				845050B8222BD14D000B4194 /* VarInt.swift in Sources */,
				843A15A62219DBB5006F393D /* TronContractType.swift in Sources */,
				843A153E2219D98D006F393D /* BitcoinScript+Building.swift in Sources */,
				843A15312219D98D006F393D /* PrivateKey+Bitcoin.swift in Sources */,
				843A15812219DAFA006F393D /* DerivationPath.swift in Sources */,
				84ABA735221F38480057458C /* SweepPaperViewController.swift in Sources */,
				84ABA733221F35770057458C /* TransactFeesTableViewController.swift in Sources */,
				843A15362219D98D006F393D /* BitcoinPrivateKeyProvider.swift in Sources */,
				843A15342219D98D006F393D /* BitcoinTransactionSigner.swift in Sources */,
				843A157B2219DAD4006F393D /* Namehash.swift in Sources */,
				843A15332219D98D006F393D /* BitcoinBech32Address.swift in Sources */,
				843A15692219DA6D006F393D /* ABIDecoder.swift in Sources */,
				8451DFDF221981E10035D715 /* BinaryCoding.swift in Sources */,
				843A15AF2219DBE0006F393D /* WanchainSigner.swift in Sources */,
				843A156F2219DA6D006F393D /* ABIType.swift in Sources */,
				84ABA72A221F320F0057458C /* ChangePasswordViewController.swift in Sources */,
				84AA92EF221FF466004979FF /* SettingsViewController.swift in Sources */,
				843A159B2219DB79006F393D /* Tron.swift in Sources */,
				843A15B42219E048006F393D /* MFCoin.swift in Sources */,
				843A15882219DB16006F393D /* IconTransaction.swift in Sources */,
				848AE24C21E341CC00B96427 /* SetPasswordViewController.swift in Sources */,
				843A15B12219DBE0006F393D /* WanchainTransaction.swift in Sources */,
				843A15982219DB79006F393D /* TronContract.swift in Sources */,
				843A153A2219D98D006F393D /* BitcoinUnspentTransaction.swift in Sources */,
				843A15582219DA3D006F393D /* EthereumChecksum.swift in Sources */,
				8451DFD6221981E10035D715 /* String+Clear.swift in Sources */,
				843A15872219DB16006F393D /* PublicKey+Icon.swift in Sources */,
				84917370224DEF7C008D57B8 /* TxHistory.swift in Sources */,
				843A156D2219DA6D006F393D /* ERC721Encoder.swift in Sources */,
				845C3EB521EA54A500A4C836 /* CoinModel.swift in Sources */,
				843A156A2219DA6D006F393D /* Function.swift in Sources */,
				843A152E2219D98D006F393D /* Bitcoin.swift in Sources */,
				843A15992219DB79006F393D /* TronBlock.swift in Sources */,
				843A157A2219DAD4006F393D /* ENSEncoder.swift in Sources */,
				843A15B02219DBE0006F393D /* WanchainAddress.swift in Sources */,
				842E65342253C7A900DB6ACA /* AddressesTableViewCell.swift in Sources */,
				843A15432219D9BE006F393D /* BitcoinCash.swift in Sources */,
				84ABA72F221F333D0057458C /* ExchRatesTableViewCell.swift in Sources */,
				843A153C2219D98D006F393D /* BitcoinScript+Parsing.swift in Sources */,
				842B5AEF2226F00500D8688A /* FiatTicker.swift in Sources */,
				843A159A2219DB79006F393D /* TronAddress.swift in Sources */,
				843A157F2219DAFA006F393D /* HDWallet.swift in Sources */,
				846E88872250F97100EB6EAE /* NaviController.swift in Sources */,
				843A15792219DAD4006F393D /* ReverseResolverEncoder.swift in Sources */,
				843A15B72219E83B006F393D /* Mnemonic.swift in Sources */,
				843A15732219DAAF006F393D /* EIP712TypedData.swift in Sources */,
				842CAFFA21EB47A9000B8F0A /* WalletTableViewController.swift in Sources */,
				849F012D21E4A43C000AB56A /* CoinsTabBarController.swift in Sources */,
				843A155A2219DA3D006F393D /* EthereumTransaction.swift in Sources */,
				843A15472219D9D4006F393D /* Dash.swift in Sources */,
				8451DFDB221981E10035D715 /* PublicKey.swift in Sources */,
				842CB00221EB7915000B8F0A /* Constants.swift in Sources */,
				843A15352219D98D006F393D /* BitcoinAddress.swift in Sources */,
			);
			runOnlyForDeploymentPostprocessing = 0;
		};
/* End PBXSourcesBuildPhase section */

/* Begin PBXVariantGroup section */
		8487C2CD21CE38BF000A9725 /* Main.storyboard */ = {
			isa = PBXVariantGroup;
			children = (
				8487C2CE21CE38BF000A9725 /* Base */,
			);
			name = Main.storyboard;
			sourceTree = "<group>";
		};
		8487C2D221CE38E2000A9725 /* LaunchScreen.storyboard */ = {
			isa = PBXVariantGroup;
			children = (
				8487C2D321CE38E2000A9725 /* Base */,
			);
			name = LaunchScreen.storyboard;
			sourceTree = "<group>";
		};
/* End PBXVariantGroup section */

/* Begin XCBuildConfiguration section */
		8487C2D621CE38E2000A9725 /* Debug */ = {
			isa = XCBuildConfiguration;
			buildSettings = {
				ALWAYS_SEARCH_USER_PATHS = NO;
				CLANG_ANALYZER_NONNULL = YES;
				CLANG_ANALYZER_NUMBER_OBJECT_CONVERSION = YES_AGGRESSIVE;
				CLANG_CXX_LANGUAGE_STANDARD = "gnu++14";
				CLANG_CXX_LIBRARY = "libc++";
				CLANG_ENABLE_MODULES = YES;
				CLANG_ENABLE_OBJC_ARC = YES;
				CLANG_ENABLE_OBJC_WEAK = YES;
				CLANG_WARN_BLOCK_CAPTURE_AUTORELEASING = YES;
				CLANG_WARN_BOOL_CONVERSION = YES;
				CLANG_WARN_COMMA = YES;
				CLANG_WARN_CONSTANT_CONVERSION = YES;
				CLANG_WARN_DEPRECATED_OBJC_IMPLEMENTATIONS = YES;
				CLANG_WARN_DIRECT_OBJC_ISA_USAGE = YES_ERROR;
				CLANG_WARN_DOCUMENTATION_COMMENTS = YES;
				CLANG_WARN_EMPTY_BODY = YES;
				CLANG_WARN_ENUM_CONVERSION = YES;
				CLANG_WARN_INFINITE_RECURSION = YES;
				CLANG_WARN_INT_CONVERSION = YES;
				CLANG_WARN_NON_LITERAL_NULL_CONVERSION = YES;
				CLANG_WARN_OBJC_IMPLICIT_RETAIN_SELF = YES;
				CLANG_WARN_OBJC_LITERAL_CONVERSION = YES;
				CLANG_WARN_OBJC_ROOT_CLASS = YES_ERROR;
				CLANG_WARN_RANGE_LOOP_ANALYSIS = YES;
				CLANG_WARN_STRICT_PROTOTYPES = YES;
				CLANG_WARN_SUSPICIOUS_MOVE = YES;
				CLANG_WARN_UNGUARDED_AVAILABILITY = YES_AGGRESSIVE;
				CLANG_WARN_UNREACHABLE_CODE = YES;
				CLANG_WARN__DUPLICATE_METHOD_MATCH = YES;
				CODE_SIGN_IDENTITY = "iPhone Developer";
				COPY_PHASE_STRIP = NO;
				DEBUG_INFORMATION_FORMAT = dwarf;
				ENABLE_STRICT_OBJC_MSGSEND = YES;
				ENABLE_TESTABILITY = YES;
				GCC_C_LANGUAGE_STANDARD = gnu11;
				GCC_DYNAMIC_NO_PIC = NO;
				GCC_NO_COMMON_BLOCKS = YES;
				GCC_OPTIMIZATION_LEVEL = 0;
				GCC_PREPROCESSOR_DEFINITIONS = (
					"DEBUG=1",
					"$(inherited)",
				);
				GCC_WARN_64_TO_32_BIT_CONVERSION = YES;
				GCC_WARN_ABOUT_RETURN_TYPE = YES_ERROR;
				GCC_WARN_UNDECLARED_SELECTOR = YES;
				GCC_WARN_UNINITIALIZED_AUTOS = YES_AGGRESSIVE;
				GCC_WARN_UNUSED_FUNCTION = YES;
				GCC_WARN_UNUSED_VARIABLE = YES;
				IPHONEOS_DEPLOYMENT_TARGET = 12.1;
				MTL_ENABLE_DEBUG_INFO = INCLUDE_SOURCE;
				MTL_FAST_MATH = YES;
				ONLY_ACTIVE_ARCH = YES;
				SDKROOT = iphoneos;
				SWIFT_ACTIVE_COMPILATION_CONDITIONS = DEBUG;
				SWIFT_INSTALL_OBJC_HEADER = NO;
				SWIFT_OPTIMIZATION_LEVEL = "-Onone";
				SWIFT_PRECOMPILE_BRIDGING_HEADER = NO;
			};
			name = Debug;
		};
		8487C2D721CE38E2000A9725 /* Release */ = {
			isa = XCBuildConfiguration;
			buildSettings = {
				ALWAYS_SEARCH_USER_PATHS = NO;
				CLANG_ANALYZER_NONNULL = YES;
				CLANG_ANALYZER_NUMBER_OBJECT_CONVERSION = YES_AGGRESSIVE;
				CLANG_CXX_LANGUAGE_STANDARD = "gnu++14";
				CLANG_CXX_LIBRARY = "libc++";
				CLANG_ENABLE_MODULES = YES;
				CLANG_ENABLE_OBJC_ARC = YES;
				CLANG_ENABLE_OBJC_WEAK = YES;
				CLANG_WARN_BLOCK_CAPTURE_AUTORELEASING = YES;
				CLANG_WARN_BOOL_CONVERSION = YES;
				CLANG_WARN_COMMA = YES;
				CLANG_WARN_CONSTANT_CONVERSION = YES;
				CLANG_WARN_DEPRECATED_OBJC_IMPLEMENTATIONS = YES;
				CLANG_WARN_DIRECT_OBJC_ISA_USAGE = YES_ERROR;
				CLANG_WARN_DOCUMENTATION_COMMENTS = YES;
				CLANG_WARN_EMPTY_BODY = YES;
				CLANG_WARN_ENUM_CONVERSION = YES;
				CLANG_WARN_INFINITE_RECURSION = YES;
				CLANG_WARN_INT_CONVERSION = YES;
				CLANG_WARN_NON_LITERAL_NULL_CONVERSION = YES;
				CLANG_WARN_OBJC_IMPLICIT_RETAIN_SELF = YES;
				CLANG_WARN_OBJC_LITERAL_CONVERSION = YES;
				CLANG_WARN_OBJC_ROOT_CLASS = YES_ERROR;
				CLANG_WARN_RANGE_LOOP_ANALYSIS = YES;
				CLANG_WARN_STRICT_PROTOTYPES = YES;
				CLANG_WARN_SUSPICIOUS_MOVE = YES;
				CLANG_WARN_UNGUARDED_AVAILABILITY = YES_AGGRESSIVE;
				CLANG_WARN_UNREACHABLE_CODE = YES;
				CLANG_WARN__DUPLICATE_METHOD_MATCH = YES;
				CODE_SIGN_IDENTITY = "iPhone Developer";
				COPY_PHASE_STRIP = NO;
				DEBUG_INFORMATION_FORMAT = "dwarf-with-dsym";
				ENABLE_NS_ASSERTIONS = NO;
				ENABLE_STRICT_OBJC_MSGSEND = YES;
				GCC_C_LANGUAGE_STANDARD = gnu11;
				GCC_NO_COMMON_BLOCKS = YES;
				GCC_WARN_64_TO_32_BIT_CONVERSION = YES;
				GCC_WARN_ABOUT_RETURN_TYPE = YES_ERROR;
				GCC_WARN_UNDECLARED_SELECTOR = YES;
				GCC_WARN_UNINITIALIZED_AUTOS = YES_AGGRESSIVE;
				GCC_WARN_UNUSED_FUNCTION = YES;
				GCC_WARN_UNUSED_VARIABLE = YES;
				IPHONEOS_DEPLOYMENT_TARGET = 12.1;
				MTL_ENABLE_DEBUG_INFO = NO;
				MTL_FAST_MATH = YES;
				SDKROOT = iphoneos;
				SWIFT_COMPILATION_MODE = wholemodule;
				SWIFT_INSTALL_OBJC_HEADER = NO;
				SWIFT_OPTIMIZATION_LEVEL = "-O";
				SWIFT_PRECOMPILE_BRIDGING_HEADER = NO;
				VALIDATE_PRODUCT = YES;
			};
			name = Release;
		};
		8487C2D921CE38E2000A9725 /* Debug */ = {
			isa = XCBuildConfiguration;
			baseConfigurationReference = 529BA5D880D10FEADEA09955 /* Pods-MFCoin.debug.xcconfig */;
			buildSettings = {
				ASSETCATALOG_COMPILER_APPICON_NAME = AppIcon;
				CLANG_ENABLE_MODULES = YES;
				CODE_SIGN_STYLE = Automatic;
				DEVELOPMENT_TEAM = 3K73D89JMS;
				FRAMEWORK_SEARCH_PATHS = (
					"$(inherited)",
					"$(PROJECT_DIR)/Carthage/Build/iOS",
				);
				INFOPLIST_FILE = MFCoin/Info.plist;
				IPHONEOS_DEPLOYMENT_TARGET = 11.0;
				LD_RUNPATH_SEARCH_PATHS = (
					"$(inherited)",
					"@executable_path/Frameworks",
				);
				OTHER_LDFLAGS = (
					"$(inherited)",
					"-framework",
					"\"Realm\"",
					"-framework",
					"\"RealmSwift\"",
					"-framework",
					"\"CryptoSwift\"",
				);
				PRODUCT_BUNDLE_IDENTIFIER = ru.s0m380dy.MFCoin;
				PRODUCT_NAME = "$(TARGET_NAME)";
				SWIFT_OBJC_BRIDGING_HEADER = "MFCoin/Source/MFCoin-Bridging-Header.h";
				SWIFT_OBJC_INTERFACE_HEADER_NAME = "";
				SWIFT_OPTIMIZATION_LEVEL = "-Onone";
				SWIFT_VERSION = 4.2;
				TARGETED_DEVICE_FAMILY = 1;
			};
			name = Debug;
		};
		8487C2DA21CE38E2000A9725 /* Release */ = {
			isa = XCBuildConfiguration;
			baseConfigurationReference = 5ECF25CC02EFD6C5E8DD8D1C /* Pods-MFCoin.release.xcconfig */;
			buildSettings = {
				ASSETCATALOG_COMPILER_APPICON_NAME = AppIcon;
				CLANG_ENABLE_MODULES = YES;
				CODE_SIGN_STYLE = Automatic;
				DEVELOPMENT_TEAM = 3K73D89JMS;
				FRAMEWORK_SEARCH_PATHS = (
					"$(inherited)",
					"$(PROJECT_DIR)/Carthage/Build/iOS",
				);
				INFOPLIST_FILE = MFCoin/Info.plist;
				IPHONEOS_DEPLOYMENT_TARGET = 11.0;
				LD_RUNPATH_SEARCH_PATHS = (
					"$(inherited)",
					"@executable_path/Frameworks",
				);
				OTHER_LDFLAGS = (
					"$(inherited)",
					"-framework",
					"\"Realm\"",
					"-framework",
					"\"RealmSwift\"",
					"-framework",
					"\"CryptoSwift\"",
				);
				PRODUCT_BUNDLE_IDENTIFIER = ru.s0m380dy.MFCoin;
				PRODUCT_NAME = "$(TARGET_NAME)";
				SWIFT_OBJC_BRIDGING_HEADER = "MFCoin/Source/MFCoin-Bridging-Header.h";
				SWIFT_OBJC_INTERFACE_HEADER_NAME = "";
				SWIFT_VERSION = 4.2;
				TARGETED_DEVICE_FAMILY = 1;
			};
			name = Release;
		};
/* End XCBuildConfiguration section */

/* Begin XCConfigurationList section */
		8487C2C121CE38BF000A9725 /* Build configuration list for PBXProject "MFCoin" */ = {
			isa = XCConfigurationList;
			buildConfigurations = (
				8487C2D621CE38E2000A9725 /* Debug */,
				8487C2D721CE38E2000A9725 /* Release */,
			);
			defaultConfigurationIsVisible = 0;
			defaultConfigurationName = Release;
		};
		8487C2D821CE38E2000A9725 /* Build configuration list for PBXNativeTarget "MFCoin" */ = {
			isa = XCConfigurationList;
			buildConfigurations = (
				8487C2D921CE38E2000A9725 /* Debug */,
				8487C2DA21CE38E2000A9725 /* Release */,
			);
			defaultConfigurationIsVisible = 0;
			defaultConfigurationName = Release;
		};
/* End XCConfigurationList section */
	};
	rootObject = 8487C2BE21CE38BF000A9725 /* Project object */;
}
